PODS:
  - Alamofire (5.4.3)
  - Differentiator (4.0.1)
  - Firebase/Analytics (8.7.0):
    - Firebase/Core
  - Firebase/Core (8.7.0):
    - Firebase/CoreOnly
    - FirebaseAnalytics (~> 8.7.0)
  - Firebase/CoreOnly (8.7.0):
    - FirebaseCore (= 8.7.0)
  - FirebaseAnalytics (8.7.0):
    - FirebaseAnalytics/AdIdSupport (= 8.7.0)
    - FirebaseCore (~> 8.0)
    - FirebaseInstallations (~> 8.0)
    - GoogleUtilities/AppDelegateSwizzler (~> 7.4)
    - GoogleUtilities/MethodSwizzler (~> 7.4)
    - GoogleUtilities/Network (~> 7.4)
    - "GoogleUtilities/NSData+zlib (~> 7.4)"
    - nanopb (~> 2.30908.0)
  - FirebaseAnalytics/AdIdSupport (8.7.0):
    - FirebaseCore (~> 8.0)
    - FirebaseInstallations (~> 8.0)
    - GoogleAppMeasurement (= 8.7.0)
    - GoogleUtilities/AppDelegateSwizzler (~> 7.4)
    - GoogleUtilities/MethodSwizzler (~> 7.4)
    - GoogleUtilities/Network (~> 7.4)
    - "GoogleUtilities/NSData+zlib (~> 7.4)"
    - nanopb (~> 2.30908.0)
  - FirebaseCore (8.7.0):
    - FirebaseCoreDiagnostics (~> 8.0)
    - GoogleUtilities/Environment (~> 7.4)
    - GoogleUtilities/Logger (~> 7.4)
  - FirebaseCoreDiagnostics (8.8.0):
    - GoogleDataTransport (~> 9.0)
    - GoogleUtilities/Environment (~> 7.4)
    - GoogleUtilities/Logger (~> 7.4)
    - nanopb (~> 2.30908.0)
  - FirebaseInstallations (8.8.0):
    - FirebaseCore (~> 8.0)
    - GoogleUtilities/Environment (~> 7.4)
    - GoogleUtilities/UserDefaults (~> 7.4)
    - PromisesObjC (< 3.0, >= 1.2)
  - FLEX (4.5.0)
  - GoogleAppMeasurement (8.7.0):
    - GoogleAppMeasurement/AdIdSupport (= 8.7.0)
    - GoogleUtilities/AppDelegateSwizzler (~> 7.4)
    - GoogleUtilities/MethodSwizzler (~> 7.4)
    - GoogleUtilities/Network (~> 7.4)
    - "GoogleUtilities/NSData+zlib (~> 7.4)"
    - nanopb (~> 2.30908.0)
  - GoogleAppMeasurement/AdIdSupport (8.7.0):
    - GoogleUtilities/AppDelegateSwizzler (~> 7.4)
    - GoogleUtilities/MethodSwizzler (~> 7.4)
    - GoogleUtilities/Network (~> 7.4)
    - "GoogleUtilities/NSData+zlib (~> 7.4)"
    - nanopb (~> 2.30908.0)
  - GoogleDataTransport (9.1.0):
    - GoogleUtilities/Environment (~> 7.2)
    - nanopb (~> 2.30908.0)
    - PromisesObjC (< 3.0, >= 1.2)
  - GoogleUtilities/AppDelegateSwizzler (7.5.2):
    - GoogleUtilities/Environment
    - GoogleUtilities/Logger
    - GoogleUtilities/Network
  - GoogleUtilities/Environment (7.5.2):
    - PromisesObjC (< 3.0, >= 1.2)
  - GoogleUtilities/Logger (7.5.2):
    - GoogleUtilities/Environment
  - GoogleUtilities/MethodSwizzler (7.5.2):
    - GoogleUtilities/Logger
  - GoogleUtilities/Network (7.5.2):
    - GoogleUtilities/Logger
    - "GoogleUtilities/NSData+zlib"
    - GoogleUtilities/Reachability
  - "GoogleUtilities/NSData+zlib (7.5.2)"
  - GoogleUtilities/Reachability (7.5.2):
    - GoogleUtilities/Logger
  - GoogleUtilities/UserDefaults (7.5.2):
    - GoogleUtilities/Logger
  - KakaoSDKAuth (2.7.1):
    - KakaoSDKCommon (= 2.7.1)
  - KakaoSDKCommon (2.7.1):
    - KakaoSDKCommon/Common (= 2.7.1)
    - KakaoSDKCommon/Network (= 2.7.1)
  - KakaoSDKCommon/Common (2.7.1)
  - KakaoSDKCommon/Network (2.7.1):
    - Alamofire (~> 5.1)
    - KakaoSDKCommon/Common (= 2.7.1)
  - KakaoSDKUser (2.7.1):
    - KakaoSDKAuth (= 2.7.1)
  - Kingfisher (6.3.1)
  - lottie-ios (3.2.3)
  - Moya (14.0.0):
    - Moya/Core (= 14.0.0)
  - Moya/Core (14.0.0):
    - Alamofire (~> 5.0)
  - Moya/RxSwift (14.0.0):
    - Moya/Core
    - RxSwift (~> 5.0)
  - nanopb (2.30908.0):
    - nanopb/decode (= 2.30908.0)
    - nanopb/encode (= 2.30908.0)
  - nanopb/decode (2.30908.0)
  - nanopb/encode (2.30908.0)
  - Nimble (9.2.1)
  - PromisesObjC (2.0.0)
  - Quick (4.0.0)
  - RxAlamofire (5.7.1):
    - RxAlamofire/Core (= 5.7.1)
  - RxAlamofire/Core (5.7.1):
    - Alamofire (~> 5.4)
    - RxSwift (~> 5.1)
  - RxBlocking (5.1.3):
    - RxSwift (~> 5)
  - RxCocoa (5.1.3):
    - RxRelay (~> 5)
    - RxSwift (~> 5)
  - RxDataSources (4.0.1):
    - Differentiator (~> 4.0)
    - RxCocoa (~> 5.0)
    - RxSwift (~> 5.0)
  - RxGesture (3.0.2):
    - RxCocoa (~> 5.1)
    - RxSwift (~> 5.1)
  - RxKakaoSDKAuth (2.7.1):
    - KakaoSDKAuth (= 2.7.1)
    - RxKakaoSDKCommon (= 2.7.1)
  - RxKakaoSDKCommon (2.7.1):
    - RxKakaoSDKCommon/Common (= 2.7.1)
    - RxKakaoSDKCommon/Network (= 2.7.1)
  - RxKakaoSDKCommon/Common (2.7.1):
    - KakaoSDKCommon/Common (= 2.7.1)
    - RxCocoa
    - RxSwift
  - RxKakaoSDKCommon/Network (2.7.1):
    - KakaoSDKCommon/Network (= 2.7.1)
    - RxAlamofire (~> 5.2)
    - RxKakaoSDKCommon/Common (= 2.7.1)
  - RxKakaoSDKUser (2.7.1):
    - KakaoSDKUser (= 2.7.1)
    - RxKakaoSDKAuth (= 2.7.1)
  - RxOptional (4.1.0):
    - RxCocoa (~> 5)
    - RxSwift (~> 5)
  - RxRelay (5.1.3):
    - RxSwift (~> 5)
  - RxSwift (5.1.3)
  - RxTest (5.1.3):
    - RxSwift (~> 5)
  - RxViewController (1.0.0):
    - RxCocoa (~> 5.0)
    - RxSwift (~> 5.0)
  - SnapKit (5.0.1)
  - Then (2.7.0)
  - Toast-Swift (5.0.1)

DEPENDENCIES:
  - Firebase/Analytics
  - FLEX
  - Kingfisher
  - lottie-ios
  - Moya (~> 14.0)
  - Moya/RxSwift
  - Nimble
  - Quick
  - RxBlocking (~> 5.0)
  - RxCocoa (~> 5.0)
  - RxDataSources (~> 4.0)
  - RxGesture (~> 3.0)
  - RxKakaoSDKUser
  - RxOptional (~> 4.0)
  - RxSwift (~> 5.0)
  - RxTest (~> 5.0)
  - RxViewController (~> 1.0)
  - SnapKit
  - Then
  - Toast-Swift

SPEC REPOS:
  trunk:
    - Alamofire
    - Differentiator
    - Firebase
    - FirebaseAnalytics
    - FirebaseCore
    - FirebaseCoreDiagnostics
    - FirebaseInstallations
    - FLEX
    - GoogleAppMeasurement
    - GoogleDataTransport
    - GoogleUtilities
    - KakaoSDKAuth
    - KakaoSDKCommon
    - KakaoSDKUser
    - Kingfisher
    - lottie-ios
    - Moya
    - nanopb
    - Nimble
    - PromisesObjC
    - Quick
    - RxAlamofire
    - RxBlocking
    - RxCocoa
    - RxDataSources
    - RxGesture
    - RxKakaoSDKAuth
    - RxKakaoSDKCommon
    - RxKakaoSDKUser
    - RxOptional
    - RxRelay
    - RxSwift
    - RxTest
    - RxViewController
    - SnapKit
    - Then
    - Toast-Swift

SPEC CHECKSUMS:
  Alamofire: e447a2774a40c996748296fa2c55112fdbbc42f9
  Differentiator: 886080237d9f87f322641dedbc5be257061b0602
  Firebase: bc9325d5ee2041524bac78a5213d0e530c651309
  FirebaseAnalytics: 52768800c2add1d84b751420cb4caaf8195f2c41
  FirebaseCore: f4804c1d3f4bbbefc88904d15653038f2c99ddf7
  FirebaseCoreDiagnostics: fe77f42da6329d6d83d21fd9d621a6b704413bfc
  FirebaseInstallations: 2563cb18a723ef9c6ef18318a49519b75dce613c
  FLEX: e51461dd6f0bfb00643c262acdfea5d5d12c596b
  GoogleAppMeasurement: 2be61ce546ad074dbe4dd545f222ac6033bb1d9e
  GoogleDataTransport: 85fd18ff3019bb85d3f2c551d04c481dedf71fc9
  GoogleUtilities: 8de2a97a17e15b6b98e38e8770e2d129a57c0040
  KakaoSDKAuth: 70cfb1e4e60f543fd5f0ece2995c3b0e879c532e
  KakaoSDKCommon: 48fe293e8970a8db8d10d5ca63600a7a8cc5f74c
  KakaoSDKUser: 5609a2679b6beda86298d63c45961953c7203101
  Kingfisher: 016c8b653a35add51dd34a3aba36b580041acc74
  lottie-ios: c058aeafa76daa4cf64d773554bccc8385d0150e
  Moya: 5b45dacb75adb009f97fde91c204c1e565d31916
  nanopb: a0ba3315591a9ae0a16a309ee504766e90db0c96
  Nimble: e7e615c0335ee4bf5b0d786685451e62746117d5
  PromisesObjC: 68159ce6952d93e17b2dfe273b8c40907db5ba58
  Quick: 6473349e43b9271a8d43839d9ba1c442ed1b7ac4
  RxAlamofire: 8e144c62dcc01d68dcb366bfc542eb6dd46bab78
  RxBlocking: 5aed110d3996c0a4b07340810b9ba230fa70df5c
  RxCocoa: e2ed092d5432e4296aa818021d27de4090ac0354
  RxDataSources: efee07fa4de48477eca0a4611e6d11e2da9c1114
  RxGesture: d6bd7447ca3a596c7a9702a6a2b6a2bb5d8bae54
  RxKakaoSDKAuth: d71b1e40f54d42cd58340efd54e735e06f08d178
  RxKakaoSDKCommon: 6bd82569c74652da97c4660059d9445b6efdf549
  RxKakaoSDKUser: 4479a5dccc8251c04edce573e613b3f5e3d8a579
  RxOptional: b1fcd60856807a564c0215c2184b8d33e7826dc2
  RxRelay: 5a18c2eb2d68326ebaf0112f80d837ae41b92b97
  RxSwift: 915abbdfb62214aa89ccd0b194d44fb478019b27
  RxTest: 937ba521d3f6dca7db49f76cd5d372cfce6091cb
  RxViewController: 7330a46e5c31cd680db169da4c9fc8676e975a81
  SnapKit: 97b92857e3df3a0c71833cce143274bf6ef8e5eb
  Then: acfe0be7e98221c6204e12f8161459606d5d822d
  Toast-Swift: 9b6a70f28b3bf0b96c40d46c0c4b9d6639846711

PODFILE CHECKSUM: ec07abde427688e5ff1b9c30cf3305130ddd075b

COCOAPODS: 1.11.2
