// !$*UTF8*$!
{
	archiveVersion = 1;
	classes = {
	};
	objectVersion = 51;
	objects = {

/* Begin PBXBuildFile section */
		8CE2A8B5191C919CFE08E6BD /* Pods_YourName.framework in Frameworks */ = {isa = PBXBuildFile; fileRef = A104CCC69AFB71F0412B7A45 /* Pods_YourName.framework */; };
		A2A5C83826FB17D0005D2849 /* KakaoAuth.swift in Sources */ = {isa = PBXBuildFile; fileRef = A2A5C83726FB17D0005D2849 /* KakaoAuth.swift */; };
		A2A5C83A26FB1A3D005D2849 /* AppKey.swift in Sources */ = {isa = PBXBuildFile; fileRef = A2A5C83926FB1A3D005D2849 /* AppKey.swift */; };
		A2D875DF26EE295C00ED5949 /* AuthResponse.swift in Sources */ = {isa = PBXBuildFile; fileRef = A2D875DE26EE295C00ED5949 /* AuthResponse.swift */; };
		CE2BB2C727074F4600936148 /* Colors.xcassets in Resources */ = {isa = PBXBuildFile; fileRef = CE2BB2C627074F4600936148 /* Colors.xcassets */; };
		CE2BB2C92707560800936148 /* Palette.swift in Sources */ = {isa = PBXBuildFile; fileRef = CE2BB2C82707560800936148 /* Palette.swift */; };
		CE2EC99327073453006B9852 /* CardCreationViewModel.swift in Sources */ = {isa = PBXBuildFile; fileRef = CE2EC99227073453006B9852 /* CardCreationViewModel.swift */; };
		CE2EC99627073493006B9852 /* CardCreationViewModelTests.swift in Sources */ = {isa = PBXBuildFile; fileRef = CE2EC99527073493006B9852 /* CardCreationViewModelTests.swift */; };
		CE4D4E6D2707883600081A2B /* ContactInputView.swift in Sources */ = {isa = PBXBuildFile; fileRef = CE4D4E6C2707883600081A2B /* ContactInputView.swift */; };
		CE63123A26F59C7800B2E69B /* RootViewController.swift in Sources */ = {isa = PBXBuildFile; fileRef = CE63123926F59C7800B2E69B /* RootViewController.swift */; };
		CE63124026F59E6700B2E69B /* RootViewModel.swift in Sources */ = {isa = PBXBuildFile; fileRef = CE63123F26F59E6700B2E69B /* RootViewModel.swift */; };
		CE63124926F5A30200B2E69B /* Navigation.swift in Sources */ = {isa = PBXBuildFile; fileRef = CE63124826F5A30200B2E69B /* Navigation.swift */; };
		CE63124C26F5DDC000B2E69B /* SignInViewController.swift in Sources */ = {isa = PBXBuildFile; fileRef = CE63124B26F5DDC000B2E69B /* SignInViewController.swift */; };
		CE63125026F5DE6800B2E69B /* SignInViewModel.swift in Sources */ = {isa = PBXBuildFile; fileRef = CE63124F26F5DE6800B2E69B /* SignInViewModel.swift */; };
		CE63125226F5E19700B2E69B /* AccessTokenRepository.swift in Sources */ = {isa = PBXBuildFile; fileRef = CE63125126F5E19700B2E69B /* AccessTokenRepository.swift */; };
		CE63125526F5E25200B2E69B /* String+.swift in Sources */ = {isa = PBXBuildFile; fileRef = CE63125426F5E25200B2E69B /* String+.swift */; };
		CE63125726F5E2A100B2E69B /* FakeAccessTokenRepository.swift in Sources */ = {isa = PBXBuildFile; fileRef = CE63125626F5E2A100B2E69B /* FakeAccessTokenRepository.swift */; };
		CE63125E26F6270B00B2E69B /* SplashViewController.swift in Sources */ = {isa = PBXBuildFile; fileRef = CE63125D26F6270B00B2E69B /* SplashViewController.swift */; };
		CE63126026F6281800B2E69B /* SplashViewModel.swift in Sources */ = {isa = PBXBuildFile; fileRef = CE63125F26F6281800B2E69B /* SplashViewModel.swift */; };
		CE63129E26F8618000B2E69B /* AuthenticationDelegate.swift in Sources */ = {isa = PBXBuildFile; fileRef = CE63129D26F8618000B2E69B /* AuthenticationDelegate.swift */; };
		CE6312A826F8CB2F00B2E69B /* SignedInDependencyContainer.swift in Sources */ = {isa = PBXBuildFile; fileRef = CE6312A426F8CB2F00B2E69B /* SignedInDependencyContainer.swift */; };
		CE6312A926F8CB2F00B2E69B /* SignedOutDependencyContainer.swift in Sources */ = {isa = PBXBuildFile; fileRef = CE6312A626F8CB2F00B2E69B /* SignedOutDependencyContainer.swift */; };
		CE6312AA26F8CB2F00B2E69B /* RootDependencyContainer.swift in Sources */ = {isa = PBXBuildFile; fileRef = CE6312A726F8CB2F00B2E69B /* RootDependencyContainer.swift */; };
		CE6312AF26F8CC0A00B2E69B /* RootViewModelTests.swift in Sources */ = {isa = PBXBuildFile; fileRef = CE6312AE26F8CC0A00B2E69B /* RootViewModelTests.swift */; };
		CE6312B226F8F27600B2E69B /* SplashViewModelTests.swift in Sources */ = {isa = PBXBuildFile; fileRef = CE6312B126F8F27600B2E69B /* SplashViewModelTests.swift */; };
		CE6312B426F98DF000B2E69B /* MockAuthenticationDelegate.swift in Sources */ = {isa = PBXBuildFile; fileRef = CE6312B326F98DF000B2E69B /* MockAuthenticationDelegate.swift */; };
		CE6312B726F99F7000B2E69B /* CardDetailViewController.swift in Sources */ = {isa = PBXBuildFile; fileRef = CE6312B626F99F6F00B2E69B /* CardDetailViewController.swift */; };
		CE6312B926F99F7A00B2E69B /* CardDetailViewModel.swift in Sources */ = {isa = PBXBuildFile; fileRef = CE6312B826F99F7A00B2E69B /* CardDetailViewModel.swift */; };
		CE6312BC26F9A04800B2E69B /* MyCardListDependencyContainer.swift in Sources */ = {isa = PBXBuildFile; fileRef = CE6312BB26F9A04800B2E69B /* MyCardListDependencyContainer.swift */; };
		CE6312BE26F9A4C700B2E69B /* CardDetailDependencyContainer.swift in Sources */ = {isa = PBXBuildFile; fileRef = CE6312BD26F9A4C700B2E69B /* CardDetailDependencyContainer.swift */; };
		CE6312C026F9AB4A00B2E69B /* MyCardListViewModel.swift in Sources */ = {isa = PBXBuildFile; fileRef = CE6312BF26F9AB4A00B2E69B /* MyCardListViewModel.swift */; };
		CE6312C526F9B05700B2E69B /* MyCardListViewModelTests.swift in Sources */ = {isa = PBXBuildFile; fileRef = CE6312C426F9B05700B2E69B /* MyCardListViewModelTests.swift */; };
		CE6312C826F9B3B000B2E69B /* MyCardRepository.swift in Sources */ = {isa = PBXBuildFile; fileRef = CE6312C726F9B3B000B2E69B /* MyCardRepository.swift */; };
		CE6312CC26F9B4FC00B2E69B /* MockMyCardRepository.swift in Sources */ = {isa = PBXBuildFile; fileRef = CE6312CA26F9B4BD00B2E69B /* MockMyCardRepository.swift */; };
		CE6312CF26F9B82600B2E69B /* Card.swift in Sources */ = {isa = PBXBuildFile; fileRef = CE6312CE26F9B82600B2E69B /* Card.swift */; };
		CE6312D126F9BD6B00B2E69B /* Array+.swift in Sources */ = {isa = PBXBuildFile; fileRef = CE6312D026F9BD6B00B2E69B /* Array+.swift */; };
		CE6BAB942704D0990006D26B /* Storyboarded.swift in Sources */ = {isa = PBXBuildFile; fileRef = CE6BAB932704D0990006D26B /* Storyboarded.swift */; };
		CE6BAB962704D3C40006D26B /* CardBookViewController.storyboard in Resources */ = {isa = PBXBuildFile; fileRef = CE6BAB952704D3C30006D26B /* CardBookViewController.storyboard */; };
		CE6BAB982704D69F0006D26B /* CardDetailViewController.storyboard in Resources */ = {isa = PBXBuildFile; fileRef = CE6BAB972704D69F0006D26B /* CardDetailViewController.storyboard */; };
		CE6BAB9A2704D6E30006D26B /* MyCardListViewController.storyboard in Resources */ = {isa = PBXBuildFile; fileRef = CE6BAB992704D6E30006D26B /* MyCardListViewController.storyboard */; };
		CE6BAB9C2704D7170006D26B /* QuestViewController.storyboard in Resources */ = {isa = PBXBuildFile; fileRef = CE6BAB9B2704D7160006D26B /* QuestViewController.storyboard */; };
		CE6BAB9E2704D7610006D26B /* SignInViewController.storyboard in Resources */ = {isa = PBXBuildFile; fileRef = CE6BAB9D2704D7610006D26B /* SignInViewController.storyboard */; };
		CE6BABA02704D7BF0006D26B /* SplashViewController.storyboard in Resources */ = {isa = PBXBuildFile; fileRef = CE6BAB9F2704D7BF0006D26B /* SplashViewController.storyboard */; };
		CE6BABA22704D9520006D26B /* SettingViewController.storyboard in Resources */ = {isa = PBXBuildFile; fileRef = CE6BABA12704D9520006D26B /* SettingViewController.storyboard */; };
		CE6BABA52704DAFB0006D26B /* CardCreationViewController.storyboard in Resources */ = {isa = PBXBuildFile; fileRef = CE6BABA42704DAFB0006D26B /* CardCreationViewController.storyboard */; };
		CE6BABA72704DB0A0006D26B /* CardCreationViewController.swift in Sources */ = {isa = PBXBuildFile; fileRef = CE6BABA62704DB0A0006D26B /* CardCreationViewController.swift */; };
		CE6BABA92704DB2A0006D26B /* CardCreationDependencyContainer.swift in Sources */ = {isa = PBXBuildFile; fileRef = CE6BABA82704DB2A0006D26B /* CardCreationDependencyContainer.swift */; };
		CE6BABAB2704E2480006D26B /* UIVIewController+.swift in Sources */ = {isa = PBXBuildFile; fileRef = CE6BABAA2704E2480006D26B /* UIVIewController+.swift */; };
		CE6BABAD2704ED700006D26B /* UITableView+.swift in Sources */ = {isa = PBXBuildFile; fileRef = CE6BABAC2704ED700006D26B /* UITableView+.swift */; };
		CE6BABAF2704EE9C0006D26B /* UICollectionView+.swift in Sources */ = {isa = PBXBuildFile; fileRef = CE6BABAE2704EE9C0006D26B /* UICollectionView+.swift */; };
		CEB6582C26EB15A600C11F33 /* AppDelegate.swift in Sources */ = {isa = PBXBuildFile; fileRef = CEB6582B26EB15A600C11F33 /* AppDelegate.swift */; };
		CEB6583026EB15A600C11F33 /* ViewController.swift in Sources */ = {isa = PBXBuildFile; fileRef = CEB6582F26EB15A600C11F33 /* ViewController.swift */; };
		CEB6583526EB15AC00C11F33 /* Images.xcassets in Resources */ = {isa = PBXBuildFile; fileRef = CEB6583426EB15AC00C11F33 /* Images.xcassets */; };
		CEB6583826EB15AC00C11F33 /* LaunchScreen.storyboard in Resources */ = {isa = PBXBuildFile; fileRef = CEB6583626EB15AC00C11F33 /* LaunchScreen.storyboard */; };
		CEB6586826EB2C3700C11F33 /* SchemeNavigator.swift in Sources */ = {isa = PBXBuildFile; fileRef = CEB6586726EB2C3700C11F33 /* SchemeNavigator.swift */; };
		CEB6586C26EB2C7600C11F33 /* HomeTabBarController.swift in Sources */ = {isa = PBXBuildFile; fileRef = CEB6586B26EB2C7600C11F33 /* HomeTabBarController.swift */; };
		CEB6586F26EB2C9400C11F33 /* Auth.swift in Sources */ = {isa = PBXBuildFile; fileRef = CEB6586E26EB2C9400C11F33 /* Auth.swift */; };
		CEB6587226EB2CAB00C11F33 /* Networking.swift in Sources */ = {isa = PBXBuildFile; fileRef = CEB6587126EB2CAB00C11F33 /* Networking.swift */; };
		CEB6587726EB2CFE00C11F33 /* HomeViewModel.swift in Sources */ = {isa = PBXBuildFile; fileRef = CEB6587626EB2CFE00C11F33 /* HomeViewModel.swift */; };
		CEB6587926EC806F00C11F33 /* Connectable.swift in Sources */ = {isa = PBXBuildFile; fileRef = CEB6587826EC806F00C11F33 /* Connectable.swift */; };
		CEB6587B26EC809800C11F33 /* URLRequestConvertible.swift in Sources */ = {isa = PBXBuildFile; fileRef = CEB6587A26EC809800C11F33 /* URLRequestConvertible.swift */; };
		CEB6587D26EC80BF00C11F33 /* DataTask.swift in Sources */ = {isa = PBXBuildFile; fileRef = CEB6587C26EC80BF00C11F33 /* DataTask.swift */; };
		CEB6588026EC80F500C11F33 /* Foundation+Network.swift in Sources */ = {isa = PBXBuildFile; fileRef = CEB6587F26EC80F500C11F33 /* Foundation+Network.swift */; };
		CEB6588226EC811E00C11F33 /* DataLoading.swift in Sources */ = {isa = PBXBuildFile; fileRef = CEB6588126EC811E00C11F33 /* DataLoading.swift */; };
		CEB6588426EC814C00C11F33 /* API.swift in Sources */ = {isa = PBXBuildFile; fileRef = CEB6588326EC814C00C11F33 /* API.swift */; };
		CEB6588726EC817A00C11F33 /* HTTP.swift in Sources */ = {isa = PBXBuildFile; fileRef = CEB6588626EC817A00C11F33 /* HTTP.swift */; };
		CEB6588926EC818900C11F33 /* HTTPError.swift in Sources */ = {isa = PBXBuildFile; fileRef = CEB6588826EC818900C11F33 /* HTTPError.swift */; };
		CEB6588B26EC81B200C11F33 /* Decoder.swift in Sources */ = {isa = PBXBuildFile; fileRef = CEB6588A26EC81B200C11F33 /* Decoder.swift */; };
		CEB6588E26EC821300C11F33 /* Network.swift in Sources */ = {isa = PBXBuildFile; fileRef = CEB6588D26EC821300C11F33 /* Network.swift */; };
		CEB6589126EC826300C11F33 /* Enviorment.swift in Sources */ = {isa = PBXBuildFile; fileRef = CEB6589026EC826300C11F33 /* Enviorment.swift */; };
		CEB6589326EC834900C11F33 /* Foundation+Decoder.swift in Sources */ = {isa = PBXBuildFile; fileRef = CEB6589226EC834900C11F33 /* Foundation+Decoder.swift */; };
		CEB6589526EC838000C11F33 /* HTTPClient.swift in Sources */ = {isa = PBXBuildFile; fileRef = CEB6589426EC838000C11F33 /* HTTPClient.swift */; };
		CEB6589726EC844D00C11F33 /* main.swift in Sources */ = {isa = PBXBuildFile; fileRef = CEB6589626EC844D00C11F33 /* main.swift */; };
		CEB6589C26EC988F00C11F33 /* ObserverType+.swift in Sources */ = {isa = PBXBuildFile; fileRef = CEB6589B26EC988F00C11F33 /* ObserverType+.swift */; };
		CEB658AB26EC9A3B00C11F33 /* MockError.swift in Sources */ = {isa = PBXBuildFile; fileRef = CEB658A226EC9A3B00C11F33 /* MockError.swift */; };
		CEB658AC26EC9A3B00C11F33 /* MockNetwork.swift in Sources */ = {isa = PBXBuildFile; fileRef = CEB658A326EC9A3B00C11F33 /* MockNetwork.swift */; };
		CEB658AD26EC9A3B00C11F33 /* MockDataLoader.swift in Sources */ = {isa = PBXBuildFile; fileRef = CEB658A426EC9A3B00C11F33 /* MockDataLoader.swift */; };
		CEB658AE26EC9A3B00C11F33 /* MockAPI.swift in Sources */ = {isa = PBXBuildFile; fileRef = CEB658A526EC9A3B00C11F33 /* MockAPI.swift */; };
		CEB658AF26EC9A3B00C11F33 /* MockDecodingService.swift in Sources */ = {isa = PBXBuildFile; fileRef = CEB658A626EC9A3B00C11F33 /* MockDecodingService.swift */; };
		CEB658B026EC9A3B00C11F33 /* MockSession.swift in Sources */ = {isa = PBXBuildFile; fileRef = CEB658A726EC9A3B00C11F33 /* MockSession.swift */; };
		CEB658B126EC9A3B00C11F33 /* MockDataTask.swift in Sources */ = {isa = PBXBuildFile; fileRef = CEB658A826EC9A3B00C11F33 /* MockDataTask.swift */; };
		CEB658B426EC9E8B00C11F33 /* HTTPClientTests.swift in Sources */ = {isa = PBXBuildFile; fileRef = CEB658B226EC9E8A00C11F33 /* HTTPClientTests.swift */; };
		CEB658B526EC9E8B00C11F33 /* NetworkTests.swift in Sources */ = {isa = PBXBuildFile; fileRef = CEB658B326EC9E8B00C11F33 /* NetworkTests.swift */; };
		CEB658B826ECACAD00C11F33 /* FakeData.swift in Sources */ = {isa = PBXBuildFile; fileRef = CEB658B726ECACAD00C11F33 /* FakeData.swift */; };
		CEB658BA26ECC42800C11F33 /* TestResponse.swift in Sources */ = {isa = PBXBuildFile; fileRef = CEB658B926ECC42800C11F33 /* TestResponse.swift */; };
		CEB658BC26ECC90600C11F33 /* NoContent.swift in Sources */ = {isa = PBXBuildFile; fileRef = CEB658BB26ECC90600C11F33 /* NoContent.swift */; };
		CED16DE926F39F700076565F /* HomeTab.swift in Sources */ = {isa = PBXBuildFile; fileRef = CED16DE826F39F700076565F /* HomeTab.swift */; };
		CED16DF526F3A5480076565F /* QuestViewController.swift in Sources */ = {isa = PBXBuildFile; fileRef = CED16DF426F3A5480076565F /* QuestViewController.swift */; };
		CED16DF726F3A5540076565F /* SettingViewController.swift in Sources */ = {isa = PBXBuildFile; fileRef = CED16DF626F3A5540076565F /* SettingViewController.swift */; };
		CED16DF926F3A55D0076565F /* MyCardListViewController.swift in Sources */ = {isa = PBXBuildFile; fileRef = CED16DF826F3A55D0076565F /* MyCardListViewController.swift */; };
		CED16DFB26F3A5690076565F /* CardBookViewController.swift in Sources */ = {isa = PBXBuildFile; fileRef = CED16DFA26F3A5690076565F /* CardBookViewController.swift */; };
		CEF8C55326EDF8D5009BA9C2 /* UIView+.swift in Sources */ = {isa = PBXBuildFile; fileRef = CEF8C55226EDF8D5009BA9C2 /* UIView+.swift */; };
		CEF8C55726EDFB6F009BA9C2 /* UIStackView+.swift in Sources */ = {isa = PBXBuildFile; fileRef = CEF8C55626EDFB6F009BA9C2 /* UIStackView+.swift */; };
		CEFA037A26EFB76D00D12AAB /* SnapshotService.swift in Sources */ = {isa = PBXBuildFile; fileRef = CEFA037926EFB76D00D12AAB /* SnapshotService.swift */; };
		CEFA037D26EFBACE00D12AAB /* QRGenerater.swift in Sources */ = {isa = PBXBuildFile; fileRef = CEFA037C26EFBACE00D12AAB /* QRGenerater.swift */; };
		F19405088FA4BA7E61C79C9F /* Pods_YourName_YourNameTests.framework in Frameworks */ = {isa = PBXBuildFile; fileRef = DC31067244B5463F18A419D8 /* Pods_YourName_YourNameTests.framework */; };
/* End PBXBuildFile section */

/* Begin PBXContainerItemProxy section */
		CEB6583F26EB15AD00C11F33 /* PBXContainerItemProxy */ = {
			isa = PBXContainerItemProxy;
			containerPortal = CEB6582026EB15A600C11F33 /* Project object */;
			proxyType = 1;
			remoteGlobalIDString = CEB6582726EB15A600C11F33;
			remoteInfo = YourName;
		};
/* End PBXContainerItemProxy section */

/* Begin PBXFileReference section */
		174D5DB299DAAE9B4BE38DEF /* Pods-YourName.release.xcconfig */ = {isa = PBXFileReference; includeInIndex = 1; lastKnownFileType = text.xcconfig; name = "Pods-YourName.release.xcconfig"; path = "Target Support Files/Pods-YourName/Pods-YourName.release.xcconfig"; sourceTree = "<group>"; };
		2542E49521192642CD7B506E /* Pods-YourNameTests.release.xcconfig */ = {isa = PBXFileReference; includeInIndex = 1; lastKnownFileType = text.xcconfig; name = "Pods-YourNameTests.release.xcconfig"; path = "Target Support Files/Pods-YourNameTests/Pods-YourNameTests.release.xcconfig"; sourceTree = "<group>"; };
		2AB2756C3C74652DA7089153 /* Pods_YourName_YourNameUITests.framework */ = {isa = PBXFileReference; explicitFileType = wrapper.framework; includeInIndex = 0; path = Pods_YourName_YourNameUITests.framework; sourceTree = BUILT_PRODUCTS_DIR; };
		3CCE5B3128930676FB5D1886 /* Pods-YourName.debug.xcconfig */ = {isa = PBXFileReference; includeInIndex = 1; lastKnownFileType = text.xcconfig; name = "Pods-YourName.debug.xcconfig"; path = "Target Support Files/Pods-YourName/Pods-YourName.debug.xcconfig"; sourceTree = "<group>"; };
		99A05CF416DCFF0B2118B6CD /* Pods-YourName-YourNameUITests.release.xcconfig */ = {isa = PBXFileReference; includeInIndex = 1; lastKnownFileType = text.xcconfig; name = "Pods-YourName-YourNameUITests.release.xcconfig"; path = "Target Support Files/Pods-YourName-YourNameUITests/Pods-YourName-YourNameUITests.release.xcconfig"; sourceTree = "<group>"; };
		A011DAB29A02E4438613947A /* Pods-YourName-YourNameTests.release.xcconfig */ = {isa = PBXFileReference; includeInIndex = 1; lastKnownFileType = text.xcconfig; name = "Pods-YourName-YourNameTests.release.xcconfig"; path = "Target Support Files/Pods-YourName-YourNameTests/Pods-YourName-YourNameTests.release.xcconfig"; sourceTree = "<group>"; };
		A104CCC69AFB71F0412B7A45 /* Pods_YourName.framework */ = {isa = PBXFileReference; explicitFileType = wrapper.framework; includeInIndex = 0; path = Pods_YourName.framework; sourceTree = BUILT_PRODUCTS_DIR; };
		A10969B73C6F2B6D2B45B54A /* Pods-YourName-YourNameUITests.debug.xcconfig */ = {isa = PBXFileReference; includeInIndex = 1; lastKnownFileType = text.xcconfig; name = "Pods-YourName-YourNameUITests.debug.xcconfig"; path = "Target Support Files/Pods-YourName-YourNameUITests/Pods-YourName-YourNameUITests.debug.xcconfig"; sourceTree = "<group>"; };
		A1AC0CE1DA2C5DDF40338B84 /* Pods-YourNameTests.debug.xcconfig */ = {isa = PBXFileReference; includeInIndex = 1; lastKnownFileType = text.xcconfig; name = "Pods-YourNameTests.debug.xcconfig"; path = "Target Support Files/Pods-YourNameTests/Pods-YourNameTests.debug.xcconfig"; sourceTree = "<group>"; };
		A2A5C83726FB17D0005D2849 /* KakaoAuth.swift */ = {isa = PBXFileReference; lastKnownFileType = sourcecode.swift; path = KakaoAuth.swift; sourceTree = "<group>"; };
		A2A5C83926FB1A3D005D2849 /* AppKey.swift */ = {isa = PBXFileReference; lastKnownFileType = sourcecode.swift; path = AppKey.swift; sourceTree = "<group>"; };
		A2D875DE26EE295C00ED5949 /* AuthResponse.swift */ = {isa = PBXFileReference; lastKnownFileType = sourcecode.swift; path = AuthResponse.swift; sourceTree = "<group>"; };
		A3E561B79C6998E82DB447DF /* Pods-YourName-YourNameTests.debug.xcconfig */ = {isa = PBXFileReference; includeInIndex = 1; lastKnownFileType = text.xcconfig; name = "Pods-YourName-YourNameTests.debug.xcconfig"; path = "Target Support Files/Pods-YourName-YourNameTests/Pods-YourName-YourNameTests.debug.xcconfig"; sourceTree = "<group>"; };
		CE2BB2C627074F4600936148 /* Colors.xcassets */ = {isa = PBXFileReference; lastKnownFileType = folder.assetcatalog; path = Colors.xcassets; sourceTree = "<group>"; };
		CE2BB2C82707560800936148 /* Palette.swift */ = {isa = PBXFileReference; lastKnownFileType = sourcecode.swift; path = Palette.swift; sourceTree = "<group>"; };
		CE2EC99227073453006B9852 /* CardCreationViewModel.swift */ = {isa = PBXFileReference; lastKnownFileType = sourcecode.swift; path = CardCreationViewModel.swift; sourceTree = "<group>"; };
		CE2EC99527073493006B9852 /* CardCreationViewModelTests.swift */ = {isa = PBXFileReference; lastKnownFileType = sourcecode.swift; path = CardCreationViewModelTests.swift; sourceTree = "<group>"; };
		CE4D4E6C2707883600081A2B /* ContactInputView.swift */ = {isa = PBXFileReference; lastKnownFileType = sourcecode.swift; path = ContactInputView.swift; sourceTree = "<group>"; };
		CE63123926F59C7800B2E69B /* RootViewController.swift */ = {isa = PBXFileReference; lastKnownFileType = sourcecode.swift; path = RootViewController.swift; sourceTree = "<group>"; };
		CE63123F26F59E6700B2E69B /* RootViewModel.swift */ = {isa = PBXFileReference; lastKnownFileType = sourcecode.swift; path = RootViewModel.swift; sourceTree = "<group>"; };
		CE63124826F5A30200B2E69B /* Navigation.swift */ = {isa = PBXFileReference; lastKnownFileType = sourcecode.swift; path = Navigation.swift; sourceTree = "<group>"; };
		CE63124B26F5DDC000B2E69B /* SignInViewController.swift */ = {isa = PBXFileReference; lastKnownFileType = sourcecode.swift; path = SignInViewController.swift; sourceTree = "<group>"; };
		CE63124F26F5DE6800B2E69B /* SignInViewModel.swift */ = {isa = PBXFileReference; lastKnownFileType = sourcecode.swift; path = SignInViewModel.swift; sourceTree = "<group>"; };
		CE63125126F5E19700B2E69B /* AccessTokenRepository.swift */ = {isa = PBXFileReference; lastKnownFileType = sourcecode.swift; path = AccessTokenRepository.swift; sourceTree = "<group>"; };
		CE63125426F5E25200B2E69B /* String+.swift */ = {isa = PBXFileReference; lastKnownFileType = sourcecode.swift; path = "String+.swift"; sourceTree = "<group>"; };
		CE63125626F5E2A100B2E69B /* FakeAccessTokenRepository.swift */ = {isa = PBXFileReference; lastKnownFileType = sourcecode.swift; path = FakeAccessTokenRepository.swift; sourceTree = "<group>"; };
		CE63125D26F6270B00B2E69B /* SplashViewController.swift */ = {isa = PBXFileReference; lastKnownFileType = sourcecode.swift; path = SplashViewController.swift; sourceTree = "<group>"; };
		CE63125F26F6281800B2E69B /* SplashViewModel.swift */ = {isa = PBXFileReference; lastKnownFileType = sourcecode.swift; path = SplashViewModel.swift; sourceTree = "<group>"; };
		CE63129D26F8618000B2E69B /* AuthenticationDelegate.swift */ = {isa = PBXFileReference; lastKnownFileType = sourcecode.swift; path = AuthenticationDelegate.swift; sourceTree = "<group>"; };
		CE6312A426F8CB2F00B2E69B /* SignedInDependencyContainer.swift */ = {isa = PBXFileReference; fileEncoding = 4; lastKnownFileType = sourcecode.swift; path = SignedInDependencyContainer.swift; sourceTree = "<group>"; };
		CE6312A626F8CB2F00B2E69B /* SignedOutDependencyContainer.swift */ = {isa = PBXFileReference; fileEncoding = 4; lastKnownFileType = sourcecode.swift; path = SignedOutDependencyContainer.swift; sourceTree = "<group>"; };
		CE6312A726F8CB2F00B2E69B /* RootDependencyContainer.swift */ = {isa = PBXFileReference; fileEncoding = 4; lastKnownFileType = sourcecode.swift; path = RootDependencyContainer.swift; sourceTree = "<group>"; };
		CE6312AE26F8CC0A00B2E69B /* RootViewModelTests.swift */ = {isa = PBXFileReference; lastKnownFileType = sourcecode.swift; path = RootViewModelTests.swift; sourceTree = "<group>"; };
		CE6312B126F8F27600B2E69B /* SplashViewModelTests.swift */ = {isa = PBXFileReference; lastKnownFileType = sourcecode.swift; path = SplashViewModelTests.swift; sourceTree = "<group>"; };
		CE6312B326F98DF000B2E69B /* MockAuthenticationDelegate.swift */ = {isa = PBXFileReference; lastKnownFileType = sourcecode.swift; path = MockAuthenticationDelegate.swift; sourceTree = "<group>"; };
		CE6312B626F99F6F00B2E69B /* CardDetailViewController.swift */ = {isa = PBXFileReference; lastKnownFileType = sourcecode.swift; path = CardDetailViewController.swift; sourceTree = "<group>"; };
		CE6312B826F99F7A00B2E69B /* CardDetailViewModel.swift */ = {isa = PBXFileReference; lastKnownFileType = sourcecode.swift; path = CardDetailViewModel.swift; sourceTree = "<group>"; };
		CE6312BB26F9A04800B2E69B /* MyCardListDependencyContainer.swift */ = {isa = PBXFileReference; lastKnownFileType = sourcecode.swift; path = MyCardListDependencyContainer.swift; sourceTree = "<group>"; };
		CE6312BD26F9A4C700B2E69B /* CardDetailDependencyContainer.swift */ = {isa = PBXFileReference; lastKnownFileType = sourcecode.swift; path = CardDetailDependencyContainer.swift; sourceTree = "<group>"; };
		CE6312BF26F9AB4A00B2E69B /* MyCardListViewModel.swift */ = {isa = PBXFileReference; lastKnownFileType = sourcecode.swift; path = MyCardListViewModel.swift; sourceTree = "<group>"; };
		CE6312C426F9B05700B2E69B /* MyCardListViewModelTests.swift */ = {isa = PBXFileReference; lastKnownFileType = sourcecode.swift; path = MyCardListViewModelTests.swift; sourceTree = "<group>"; };
		CE6312C726F9B3B000B2E69B /* MyCardRepository.swift */ = {isa = PBXFileReference; lastKnownFileType = sourcecode.swift; path = MyCardRepository.swift; sourceTree = "<group>"; };
		CE6312CA26F9B4BD00B2E69B /* MockMyCardRepository.swift */ = {isa = PBXFileReference; lastKnownFileType = sourcecode.swift; path = MockMyCardRepository.swift; sourceTree = "<group>"; };
		CE6312CE26F9B82600B2E69B /* Card.swift */ = {isa = PBXFileReference; lastKnownFileType = sourcecode.swift; path = Card.swift; sourceTree = "<group>"; };
		CE6312D026F9BD6B00B2E69B /* Array+.swift */ = {isa = PBXFileReference; lastKnownFileType = sourcecode.swift; path = "Array+.swift"; sourceTree = "<group>"; };
		CE6BAB932704D0990006D26B /* Storyboarded.swift */ = {isa = PBXFileReference; lastKnownFileType = sourcecode.swift; path = Storyboarded.swift; sourceTree = "<group>"; };
		CE6BAB952704D3C30006D26B /* CardBookViewController.storyboard */ = {isa = PBXFileReference; lastKnownFileType = file.storyboard; path = CardBookViewController.storyboard; sourceTree = "<group>"; };
		CE6BAB972704D69F0006D26B /* CardDetailViewController.storyboard */ = {isa = PBXFileReference; lastKnownFileType = file.storyboard; path = CardDetailViewController.storyboard; sourceTree = "<group>"; };
		CE6BAB992704D6E30006D26B /* MyCardListViewController.storyboard */ = {isa = PBXFileReference; lastKnownFileType = file.storyboard; path = MyCardListViewController.storyboard; sourceTree = "<group>"; };
		CE6BAB9B2704D7160006D26B /* QuestViewController.storyboard */ = {isa = PBXFileReference; lastKnownFileType = file.storyboard; path = QuestViewController.storyboard; sourceTree = "<group>"; };
		CE6BAB9D2704D7610006D26B /* SignInViewController.storyboard */ = {isa = PBXFileReference; lastKnownFileType = file.storyboard; path = SignInViewController.storyboard; sourceTree = "<group>"; };
		CE6BAB9F2704D7BF0006D26B /* SplashViewController.storyboard */ = {isa = PBXFileReference; lastKnownFileType = file.storyboard; path = SplashViewController.storyboard; sourceTree = "<group>"; };
		CE6BABA12704D9520006D26B /* SettingViewController.storyboard */ = {isa = PBXFileReference; lastKnownFileType = file.storyboard; path = SettingViewController.storyboard; sourceTree = "<group>"; };
		CE6BABA42704DAFB0006D26B /* CardCreationViewController.storyboard */ = {isa = PBXFileReference; lastKnownFileType = file.storyboard; path = CardCreationViewController.storyboard; sourceTree = "<group>"; };
		CE6BABA62704DB0A0006D26B /* CardCreationViewController.swift */ = {isa = PBXFileReference; lastKnownFileType = sourcecode.swift; path = CardCreationViewController.swift; sourceTree = "<group>"; };
		CE6BABA82704DB2A0006D26B /* CardCreationDependencyContainer.swift */ = {isa = PBXFileReference; lastKnownFileType = sourcecode.swift; path = CardCreationDependencyContainer.swift; sourceTree = "<group>"; };
		CE6BABAA2704E2480006D26B /* UIVIewController+.swift */ = {isa = PBXFileReference; lastKnownFileType = sourcecode.swift; path = "UIVIewController+.swift"; sourceTree = "<group>"; };
		CE6BABAC2704ED700006D26B /* UITableView+.swift */ = {isa = PBXFileReference; lastKnownFileType = sourcecode.swift; path = "UITableView+.swift"; sourceTree = "<group>"; };
		CE6BABAE2704EE9C0006D26B /* UICollectionView+.swift */ = {isa = PBXFileReference; lastKnownFileType = sourcecode.swift; path = "UICollectionView+.swift"; sourceTree = "<group>"; };
		CEB6582826EB15A600C11F33 /* YourName.app */ = {isa = PBXFileReference; explicitFileType = wrapper.application; includeInIndex = 0; path = YourName.app; sourceTree = BUILT_PRODUCTS_DIR; };
		CEB6582B26EB15A600C11F33 /* AppDelegate.swift */ = {isa = PBXFileReference; lastKnownFileType = sourcecode.swift; path = AppDelegate.swift; sourceTree = "<group>"; };
		CEB6582F26EB15A600C11F33 /* ViewController.swift */ = {isa = PBXFileReference; lastKnownFileType = sourcecode.swift; path = ViewController.swift; sourceTree = "<group>"; };
		CEB6583426EB15AC00C11F33 /* Images.xcassets */ = {isa = PBXFileReference; lastKnownFileType = folder.assetcatalog; path = Images.xcassets; sourceTree = "<group>"; };
		CEB6583726EB15AC00C11F33 /* Base */ = {isa = PBXFileReference; lastKnownFileType = file.storyboard; name = Base; path = Base.lproj/LaunchScreen.storyboard; sourceTree = "<group>"; };
		CEB6583926EB15AC00C11F33 /* Info.plist */ = {isa = PBXFileReference; lastKnownFileType = text.plist.xml; path = Info.plist; sourceTree = "<group>"; };
		CEB6583E26EB15AD00C11F33 /* YourNameTests.xctest */ = {isa = PBXFileReference; explicitFileType = wrapper.cfbundle; includeInIndex = 0; path = YourNameTests.xctest; sourceTree = BUILT_PRODUCTS_DIR; };
		CEB6584426EB15AD00C11F33 /* Info.plist */ = {isa = PBXFileReference; lastKnownFileType = text.plist.xml; path = Info.plist; sourceTree = "<group>"; };
		CEB6586726EB2C3700C11F33 /* SchemeNavigator.swift */ = {isa = PBXFileReference; lastKnownFileType = sourcecode.swift; path = SchemeNavigator.swift; sourceTree = "<group>"; };
		CEB6586B26EB2C7600C11F33 /* HomeTabBarController.swift */ = {isa = PBXFileReference; lastKnownFileType = sourcecode.swift; path = HomeTabBarController.swift; sourceTree = "<group>"; };
		CEB6586E26EB2C9400C11F33 /* Auth.swift */ = {isa = PBXFileReference; lastKnownFileType = sourcecode.swift; path = Auth.swift; sourceTree = "<group>"; };
		CEB6587126EB2CAB00C11F33 /* Networking.swift */ = {isa = PBXFileReference; lastKnownFileType = sourcecode.swift; path = Networking.swift; sourceTree = "<group>"; };
		CEB6587626EB2CFE00C11F33 /* HomeViewModel.swift */ = {isa = PBXFileReference; lastKnownFileType = sourcecode.swift; path = HomeViewModel.swift; sourceTree = "<group>"; };
		CEB6587826EC806F00C11F33 /* Connectable.swift */ = {isa = PBXFileReference; lastKnownFileType = sourcecode.swift; path = Connectable.swift; sourceTree = "<group>"; };
		CEB6587A26EC809800C11F33 /* URLRequestConvertible.swift */ = {isa = PBXFileReference; lastKnownFileType = sourcecode.swift; path = URLRequestConvertible.swift; sourceTree = "<group>"; };
		CEB6587C26EC80BF00C11F33 /* DataTask.swift */ = {isa = PBXFileReference; lastKnownFileType = sourcecode.swift; path = DataTask.swift; sourceTree = "<group>"; };
		CEB6587F26EC80F500C11F33 /* Foundation+Network.swift */ = {isa = PBXFileReference; lastKnownFileType = sourcecode.swift; path = "Foundation+Network.swift"; sourceTree = "<group>"; };
		CEB6588126EC811E00C11F33 /* DataLoading.swift */ = {isa = PBXFileReference; lastKnownFileType = sourcecode.swift; path = DataLoading.swift; sourceTree = "<group>"; };
		CEB6588326EC814C00C11F33 /* API.swift */ = {isa = PBXFileReference; lastKnownFileType = sourcecode.swift; path = API.swift; sourceTree = "<group>"; };
		CEB6588626EC817A00C11F33 /* HTTP.swift */ = {isa = PBXFileReference; lastKnownFileType = sourcecode.swift; path = HTTP.swift; sourceTree = "<group>"; };
		CEB6588826EC818900C11F33 /* HTTPError.swift */ = {isa = PBXFileReference; lastKnownFileType = sourcecode.swift; path = HTTPError.swift; sourceTree = "<group>"; };
		CEB6588A26EC81B200C11F33 /* Decoder.swift */ = {isa = PBXFileReference; lastKnownFileType = sourcecode.swift; path = Decoder.swift; sourceTree = "<group>"; };
		CEB6588D26EC821300C11F33 /* Network.swift */ = {isa = PBXFileReference; lastKnownFileType = sourcecode.swift; path = Network.swift; sourceTree = "<group>"; };
		CEB6589026EC826300C11F33 /* Enviorment.swift */ = {isa = PBXFileReference; lastKnownFileType = sourcecode.swift; path = Enviorment.swift; sourceTree = "<group>"; };
		CEB6589226EC834900C11F33 /* Foundation+Decoder.swift */ = {isa = PBXFileReference; lastKnownFileType = sourcecode.swift; path = "Foundation+Decoder.swift"; sourceTree = "<group>"; };
		CEB6589426EC838000C11F33 /* HTTPClient.swift */ = {isa = PBXFileReference; lastKnownFileType = sourcecode.swift; path = HTTPClient.swift; sourceTree = "<group>"; };
		CEB6589626EC844D00C11F33 /* main.swift */ = {isa = PBXFileReference; lastKnownFileType = sourcecode.swift; path = main.swift; sourceTree = "<group>"; };
		CEB6589B26EC988F00C11F33 /* ObserverType+.swift */ = {isa = PBXFileReference; lastKnownFileType = sourcecode.swift; path = "ObserverType+.swift"; sourceTree = "<group>"; };
		CEB658A226EC9A3B00C11F33 /* MockError.swift */ = {isa = PBXFileReference; fileEncoding = 4; lastKnownFileType = sourcecode.swift; path = MockError.swift; sourceTree = "<group>"; };
		CEB658A326EC9A3B00C11F33 /* MockNetwork.swift */ = {isa = PBXFileReference; fileEncoding = 4; lastKnownFileType = sourcecode.swift; path = MockNetwork.swift; sourceTree = "<group>"; };
		CEB658A426EC9A3B00C11F33 /* MockDataLoader.swift */ = {isa = PBXFileReference; fileEncoding = 4; lastKnownFileType = sourcecode.swift; path = MockDataLoader.swift; sourceTree = "<group>"; };
		CEB658A526EC9A3B00C11F33 /* MockAPI.swift */ = {isa = PBXFileReference; fileEncoding = 4; lastKnownFileType = sourcecode.swift; path = MockAPI.swift; sourceTree = "<group>"; };
		CEB658A626EC9A3B00C11F33 /* MockDecodingService.swift */ = {isa = PBXFileReference; fileEncoding = 4; lastKnownFileType = sourcecode.swift; path = MockDecodingService.swift; sourceTree = "<group>"; };
		CEB658A726EC9A3B00C11F33 /* MockSession.swift */ = {isa = PBXFileReference; fileEncoding = 4; lastKnownFileType = sourcecode.swift; path = MockSession.swift; sourceTree = "<group>"; };
		CEB658A826EC9A3B00C11F33 /* MockDataTask.swift */ = {isa = PBXFileReference; fileEncoding = 4; lastKnownFileType = sourcecode.swift; path = MockDataTask.swift; sourceTree = "<group>"; };
		CEB658B226EC9E8A00C11F33 /* HTTPClientTests.swift */ = {isa = PBXFileReference; fileEncoding = 4; lastKnownFileType = sourcecode.swift; path = HTTPClientTests.swift; sourceTree = "<group>"; };
		CEB658B326EC9E8B00C11F33 /* NetworkTests.swift */ = {isa = PBXFileReference; fileEncoding = 4; lastKnownFileType = sourcecode.swift; path = NetworkTests.swift; sourceTree = "<group>"; };
		CEB658B726ECACAD00C11F33 /* FakeData.swift */ = {isa = PBXFileReference; lastKnownFileType = sourcecode.swift; path = FakeData.swift; sourceTree = "<group>"; };
		CEB658B926ECC42800C11F33 /* TestResponse.swift */ = {isa = PBXFileReference; lastKnownFileType = sourcecode.swift; path = TestResponse.swift; sourceTree = "<group>"; };
		CEB658BB26ECC90600C11F33 /* NoContent.swift */ = {isa = PBXFileReference; lastKnownFileType = sourcecode.swift; path = NoContent.swift; sourceTree = "<group>"; };
		CED16DE826F39F700076565F /* HomeTab.swift */ = {isa = PBXFileReference; lastKnownFileType = sourcecode.swift; path = HomeTab.swift; sourceTree = "<group>"; };
		CED16DF426F3A5480076565F /* QuestViewController.swift */ = {isa = PBXFileReference; lastKnownFileType = sourcecode.swift; path = QuestViewController.swift; sourceTree = "<group>"; };
		CED16DF626F3A5540076565F /* SettingViewController.swift */ = {isa = PBXFileReference; lastKnownFileType = sourcecode.swift; path = SettingViewController.swift; sourceTree = "<group>"; };
		CED16DF826F3A55D0076565F /* MyCardListViewController.swift */ = {isa = PBXFileReference; lastKnownFileType = sourcecode.swift; path = MyCardListViewController.swift; sourceTree = "<group>"; };
		CED16DFA26F3A5690076565F /* CardBookViewController.swift */ = {isa = PBXFileReference; lastKnownFileType = sourcecode.swift; path = CardBookViewController.swift; sourceTree = "<group>"; };
		CEF8C55226EDF8D5009BA9C2 /* UIView+.swift */ = {isa = PBXFileReference; lastKnownFileType = sourcecode.swift; path = "UIView+.swift"; sourceTree = "<group>"; };
		CEF8C55626EDFB6F009BA9C2 /* UIStackView+.swift */ = {isa = PBXFileReference; lastKnownFileType = sourcecode.swift; path = "UIStackView+.swift"; sourceTree = "<group>"; };
		CEFA037926EFB76D00D12AAB /* SnapshotService.swift */ = {isa = PBXFileReference; lastKnownFileType = sourcecode.swift; path = SnapshotService.swift; sourceTree = "<group>"; };
		CEFA037C26EFBACE00D12AAB /* QRGenerater.swift */ = {isa = PBXFileReference; lastKnownFileType = sourcecode.swift; path = QRGenerater.swift; sourceTree = "<group>"; };
		DC31067244B5463F18A419D8 /* Pods_YourName_YourNameTests.framework */ = {isa = PBXFileReference; explicitFileType = wrapper.framework; includeInIndex = 0; path = Pods_YourName_YourNameTests.framework; sourceTree = BUILT_PRODUCTS_DIR; };
/* End PBXFileReference section */

/* Begin PBXFrameworksBuildPhase section */
		CEB6582526EB15A600C11F33 /* Frameworks */ = {
			isa = PBXFrameworksBuildPhase;
			buildActionMask = 2147483647;
			files = (
				8CE2A8B5191C919CFE08E6BD /* Pods_YourName.framework in Frameworks */,
			);
			runOnlyForDeploymentPostprocessing = 0;
		};
		CEB6583B26EB15AD00C11F33 /* Frameworks */ = {
			isa = PBXFrameworksBuildPhase;
			buildActionMask = 2147483647;
			files = (
				F19405088FA4BA7E61C79C9F /* Pods_YourName_YourNameTests.framework in Frameworks */,
			);
			runOnlyForDeploymentPostprocessing = 0;
		};
/* End PBXFrameworksBuildPhase section */

/* Begin PBXGroup section */
		1B7DF935C2432FFABC0E533E /* Pods */ = {
			isa = PBXGroup;
			children = (
				3CCE5B3128930676FB5D1886 /* Pods-YourName.debug.xcconfig */,
				174D5DB299DAAE9B4BE38DEF /* Pods-YourName.release.xcconfig */,
				A10969B73C6F2B6D2B45B54A /* Pods-YourName-YourNameUITests.debug.xcconfig */,
				99A05CF416DCFF0B2118B6CD /* Pods-YourName-YourNameUITests.release.xcconfig */,
				A1AC0CE1DA2C5DDF40338B84 /* Pods-YourNameTests.debug.xcconfig */,
				2542E49521192642CD7B506E /* Pods-YourNameTests.release.xcconfig */,
				A3E561B79C6998E82DB447DF /* Pods-YourName-YourNameTests.debug.xcconfig */,
				A011DAB29A02E4438613947A /* Pods-YourName-YourNameTests.release.xcconfig */,
			);
			path = Pods;
			sourceTree = "<group>";
		};
		79DE58E69F71FA7F9940F1F2 /* Frameworks */ = {
			isa = PBXGroup;
			children = (
				A104CCC69AFB71F0412B7A45 /* Pods_YourName.framework */,
				2AB2756C3C74652DA7089153 /* Pods_YourName_YourNameUITests.framework */,
				DC31067244B5463F18A419D8 /* Pods_YourName_YourNameTests.framework */,
			);
			name = Frameworks;
			sourceTree = "<group>";
		};
		CE2EC9942707347E006B9852 /* CardCreationTests */ = {
			isa = PBXGroup;
			children = (
				CE2EC99527073493006B9852 /* CardCreationViewModelTests.swift */,
			);
			path = CardCreationTests;
			sourceTree = "<group>";
		};
		CE63123826F59C6B00B2E69B /* Root */ = {
			isa = PBXGroup;
			children = (
				CE6312A726F8CB2F00B2E69B /* RootDependencyContainer.swift */,
				CE63123926F59C7800B2E69B /* RootViewController.swift */,
				CE63123F26F59E6700B2E69B /* RootViewModel.swift */,
			);
			path = Root;
			sourceTree = "<group>";
		};
		CE63124A26F5DD5D00B2E69B /* SignIn */ = {
			isa = PBXGroup;
			children = (
				CE6312A626F8CB2F00B2E69B /* SignedOutDependencyContainer.swift */,
				CE6BAB9D2704D7610006D26B /* SignInViewController.storyboard */,
				CE63124B26F5DDC000B2E69B /* SignInViewController.swift */,
				CE63124F26F5DE6800B2E69B /* SignInViewModel.swift */,
			);
			path = SignIn;
			sourceTree = "<group>";
		};
		CE63125326F5E1B600B2E69B /* Local */ = {
			isa = PBXGroup;
			children = (
			);
			path = Local;
			sourceTree = "<group>";
		};
		CE63125C26F626F600B2E69B /* Splash */ = {
			isa = PBXGroup;
			children = (
				CE6BAB9F2704D7BF0006D26B /* SplashViewController.storyboard */,
				CE63125D26F6270B00B2E69B /* SplashViewController.swift */,
				CE63125F26F6281800B2E69B /* SplashViewModel.swift */,
			);
			path = Splash;
			sourceTree = "<group>";
		};
		CE6312AB26F8CBAD00B2E69B /* RootTests */ = {
			isa = PBXGroup;
			children = (
				CE6312AE26F8CC0A00B2E69B /* RootViewModelTests.swift */,
			);
			path = RootTests;
			sourceTree = "<group>";
		};
		CE6312B026F8F24F00B2E69B /* SplashTests */ = {
			isa = PBXGroup;
			children = (
				CE6312CD26F9B5CB00B2E69B /* Test Doubles */,
				CE6312B126F8F27600B2E69B /* SplashViewModelTests.swift */,
			);
			path = SplashTests;
			sourceTree = "<group>";
		};
		CE6312B526F99F6200B2E69B /* CardDetail */ = {
			isa = PBXGroup;
			children = (
				CE6312BD26F9A4C700B2E69B /* CardDetailDependencyContainer.swift */,
				CE6BAB972704D69F0006D26B /* CardDetailViewController.storyboard */,
				CE6312B626F99F6F00B2E69B /* CardDetailViewController.swift */,
				CE6312B826F99F7A00B2E69B /* CardDetailViewModel.swift */,
			);
			path = CardDetail;
			sourceTree = "<group>";
		};
		CE6312C126F9B02300B2E69B /* MyCardListTests */ = {
			isa = PBXGroup;
			children = (
				CE6312C426F9B05700B2E69B /* MyCardListViewModelTests.swift */,
			);
			path = MyCardListTests;
			sourceTree = "<group>";
		};
		CE6312C626F9B38A00B2E69B /* MyCard */ = {
			isa = PBXGroup;
			children = (
				CE6312C726F9B3B000B2E69B /* MyCardRepository.swift */,
				CE6312CA26F9B4BD00B2E69B /* MockMyCardRepository.swift */,
				CE6312CE26F9B82600B2E69B /* Card.swift */,
			);
			path = MyCard;
			sourceTree = "<group>";
		};
		CE6312CD26F9B5CB00B2E69B /* Test Doubles */ = {
			isa = PBXGroup;
			children = (
				CE6312B326F98DF000B2E69B /* MockAuthenticationDelegate.swift */,
			);
			path = "Test Doubles";
			sourceTree = "<group>";
		};
		CE6BAB922704D08D0006D26B /* Protocols */ = {
			isa = PBXGroup;
			children = (
				CE6BAB932704D0990006D26B /* Storyboarded.swift */,
			);
			path = Protocols;
			sourceTree = "<group>";
		};
		CE6BABA32704DAA20006D26B /* CardCreation */ = {
			isa = PBXGroup;
			children = (
				CE6BABA82704DB2A0006D26B /* CardCreationDependencyContainer.swift */,
				CE6BABA42704DAFB0006D26B /* CardCreationViewController.storyboard */,
				CE6BABA62704DB0A0006D26B /* CardCreationViewController.swift */,
				CE2EC99227073453006B9852 /* CardCreationViewModel.swift */,
				CE4D4E6C2707883600081A2B /* ContactInputView.swift */,
			);
			path = CardCreation;
			sourceTree = "<group>";
		};
		CEB6581F26EB15A600C11F33 = {
			isa = PBXGroup;
			children = (
				CEB6582A26EB15A600C11F33 /* YourName */,
				CEB6584126EB15AD00C11F33 /* YourNameTests */,
				CEB6582926EB15A600C11F33 /* Products */,
				1B7DF935C2432FFABC0E533E /* Pods */,
				79DE58E69F71FA7F9940F1F2 /* Frameworks */,
			);
			sourceTree = "<group>";
		};
		CEB6582926EB15A600C11F33 /* Products */ = {
			isa = PBXGroup;
			children = (
				CEB6582826EB15A600C11F33 /* YourName.app */,
				CEB6583E26EB15AD00C11F33 /* YourNameTests.xctest */,
			);
			name = Products;
			sourceTree = "<group>";
		};
		CEB6582A26EB15A600C11F33 /* YourName */ = {
			isa = PBXGroup;
			children = (
				CEB6585D26EB297600C11F33 /* Support Files */,
				CEB6585B26EB296100C11F33 /* Sources */,
				CEB6585C26EB296A00C11F33 /* Resources */,
				CEB6583626EB15AC00C11F33 /* LaunchScreen.storyboard */,
			);
			path = YourName;
			sourceTree = "<group>";
		};
		CEB6584126EB15AD00C11F33 /* YourNameTests */ = {
			isa = PBXGroup;
			children = (
				CE2EC9942707347E006B9852 /* CardCreationTests */,
				CE6312C126F9B02300B2E69B /* MyCardListTests */,
				CEB658B626EC9E8E00C11F33 /* NetworkTests */,
				CE6312AB26F8CBAD00B2E69B /* RootTests */,
				CE6312B026F8F24F00B2E69B /* SplashTests */,
				CEB6584426EB15AD00C11F33 /* Info.plist */,
			);
			path = YourNameTests;
			sourceTree = "<group>";
		};
		CEB6585B26EB296100C11F33 /* Sources */ = {
			isa = PBXGroup;
			children = (
				CEB6585E26EB297F00C11F33 /* App */,
				CEB6586026EB29B000C11F33 /* Common */,
				CEB6586326EB2BB500C11F33 /* Data Layer */,
				CEB6586426EB2BC100C11F33 /* Domain Layer */,
				CEB6588F26EC824B00C11F33 /* Enviroment */,
				CEB6586226EB2BB000C11F33 /* UI Layer */,
			);
			path = Sources;
			sourceTree = "<group>";
		};
		CEB6585C26EB296A00C11F33 /* Resources */ = {
			isa = PBXGroup;
			children = (
				CEB6583426EB15AC00C11F33 /* Images.xcassets */,
				CE2BB2C627074F4600936148 /* Colors.xcassets */,
			);
			path = Resources;
			sourceTree = "<group>";
		};
		CEB6585D26EB297600C11F33 /* Support Files */ = {
			isa = PBXGroup;
			children = (
				CEB6583926EB15AC00C11F33 /* Info.plist */,
			);
			path = "Support Files";
			sourceTree = "<group>";
		};
		CEB6585E26EB297F00C11F33 /* App */ = {
			isa = PBXGroup;
			children = (
				CEB6582B26EB15A600C11F33 /* AppDelegate.swift */,
				CEB6589626EC844D00C11F33 /* main.swift */,
				A2A5C83926FB1A3D005D2849 /* AppKey.swift */,
			);
			path = App;
			sourceTree = "<group>";
		};
		CEB6586026EB29B000C11F33 /* Common */ = {
			isa = PBXGroup;
			children = (
				CE6BAB922704D08D0006D26B /* Protocols */,
				CEF8C55526EDF8F7009BA9C2 /* Extensions */,
				CE2BB2C82707560800936148 /* Palette.swift */,
			);
			path = Common;
			sourceTree = "<group>";
		};
		CEB6586226EB2BB000C11F33 /* UI Layer */ = {
			isa = PBXGroup;
			children = (
				CEB6586926EB2C5F00C11F33 /* Screens */,
				CE63124826F5A30200B2E69B /* Navigation.swift */,
			);
			path = "UI Layer";
			sourceTree = "<group>";
		};
		CEB6586326EB2BB500C11F33 /* Data Layer */ = {
			isa = PBXGroup;
			children = (
				CE63125326F5E1B600B2E69B /* Local */,
				CEB6588C26EC81F700C11F33 /* Network */,
			);
			path = "Data Layer";
			sourceTree = "<group>";
		};
		CEB6586426EB2BC100C11F33 /* Domain Layer */ = {
			isa = PBXGroup;
			children = (
				CEB6586D26EB2C8800C11F33 /* Auth */,
				CE6312C626F9B38A00B2E69B /* MyCard */,
				CEB6586626EB2C0700C11F33 /* Scheme */,
				CEFA037826EFB75D00D12AAB /* Snapshot */,
				CEFA037B26EFBAC100D12AAB /* QR */,
			);
			path = "Domain Layer";
			sourceTree = "<group>";
		};
		CEB6586626EB2C0700C11F33 /* Scheme */ = {
			isa = PBXGroup;
			children = (
				CEB6586726EB2C3700C11F33 /* SchemeNavigator.swift */,
			);
			path = Scheme;
			sourceTree = "<group>";
		};
		CEB6586926EB2C5F00C11F33 /* Screens */ = {
			isa = PBXGroup;
			children = (
				CED16DED26F3A4F70076565F /* CardBook */,
				CE6BABA32704DAA20006D26B /* CardCreation */,
				CE6312B526F99F6200B2E69B /* CardDetail */,
				CEB6586A26EB2C6400C11F33 /* Home */,
				CED16DEC26F3A4C30076565F /* MyCardList */,
				CED16DEE26F3A5000076565F /* Quest */,
				CE63123826F59C6B00B2E69B /* Root */,
				CED16DEF26F3A5050076565F /* Setting */,
				CE63124A26F5DD5D00B2E69B /* SignIn */,
				CE63125C26F626F600B2E69B /* Splash */,
			);
			path = Screens;
			sourceTree = "<group>";
		};
		CEB6586A26EB2C6400C11F33 /* Home */ = {
			isa = PBXGroup;
			children = (
				CE6312A426F8CB2F00B2E69B /* SignedInDependencyContainer.swift */,
				CEB6586B26EB2C7600C11F33 /* HomeTabBarController.swift */,
				CEB6587626EB2CFE00C11F33 /* HomeViewModel.swift */,
				CED16DE826F39F700076565F /* HomeTab.swift */,
			);
			path = Home;
			sourceTree = "<group>";
		};
		CEB6586D26EB2C8800C11F33 /* Auth */ = {
			isa = PBXGroup;
			children = (
				CE63125126F5E19700B2E69B /* AccessTokenRepository.swift */,
				CEB6586E26EB2C9400C11F33 /* Auth.swift */,
				CE63129D26F8618000B2E69B /* AuthenticationDelegate.swift */,
				A2D875DE26EE295C00ED5949 /* AuthResponse.swift */,
				CE63125626F5E2A100B2E69B /* FakeAccessTokenRepository.swift */,
				A2A5C83726FB17D0005D2849 /* KakaoAuth.swift */,
			);
			path = Auth;
			sourceTree = "<group>";
		};
		CEB6587026EB2C9F00C11F33 /* Protocols */ = {
			isa = PBXGroup;
			children = (
				CEB6588326EC814C00C11F33 /* API.swift */,
				CEB6587826EC806F00C11F33 /* Connectable.swift */,
				CEB6587C26EC80BF00C11F33 /* DataTask.swift */,
				CEB6588126EC811E00C11F33 /* DataLoading.swift */,
				CEB6588A26EC81B200C11F33 /* Decoder.swift */,
				CEB6587126EB2CAB00C11F33 /* Networking.swift */,
				CEB6587A26EC809800C11F33 /* URLRequestConvertible.swift */,
			);
			path = Protocols;
			sourceTree = "<group>";
		};
		CEB6587E26EC80D700C11F33 /* Extensions */ = {
			isa = PBXGroup;
			children = (
				CEB6587F26EC80F500C11F33 /* Foundation+Network.swift */,
				CEB6589226EC834900C11F33 /* Foundation+Decoder.swift */,
			);
			path = Extensions;
			sourceTree = "<group>";
		};
		CEB6588526EC816600C11F33 /* HTTP */ = {
			isa = PBXGroup;
			children = (
				CEB6588626EC817A00C11F33 /* HTTP.swift */,
				CEB6588826EC818900C11F33 /* HTTPError.swift */,
			);
			path = HTTP;
			sourceTree = "<group>";
		};
		CEB6588C26EC81F700C11F33 /* Network */ = {
			isa = PBXGroup;
			children = (
				CEB6587E26EC80D700C11F33 /* Extensions */,
				CEB6588526EC816600C11F33 /* HTTP */,
				CEB6587026EB2C9F00C11F33 /* Protocols */,
				CEB6589426EC838000C11F33 /* HTTPClient.swift */,
				CEB6588D26EC821300C11F33 /* Network.swift */,
				CEB658BB26ECC90600C11F33 /* NoContent.swift */,
			);
			path = Network;
			sourceTree = "<group>";
		};
		CEB6588F26EC824B00C11F33 /* Enviroment */ = {
			isa = PBXGroup;
			children = (
				CEB6589026EC826300C11F33 /* Enviorment.swift */,
			);
			path = Enviroment;
			sourceTree = "<group>";
		};
		CEB6589A26EC987800C11F33 /* Rx */ = {
			isa = PBXGroup;
			children = (
				CEB6589B26EC988F00C11F33 /* ObserverType+.swift */,
			);
			path = Rx;
			sourceTree = "<group>";
		};
		CEB6589F26EC9A3B00C11F33 /* Test Doubles */ = {
			isa = PBXGroup;
			children = (
				CEB658B726ECACAD00C11F33 /* FakeData.swift */,
				CEB658A526EC9A3B00C11F33 /* MockAPI.swift */,
				CEB658A826EC9A3B00C11F33 /* MockDataTask.swift */,
				CEB658A426EC9A3B00C11F33 /* MockDataLoader.swift */,
				CEB658A626EC9A3B00C11F33 /* MockDecodingService.swift */,
				CEB658A226EC9A3B00C11F33 /* MockError.swift */,
				CEB658A326EC9A3B00C11F33 /* MockNetwork.swift */,
				CEB658A726EC9A3B00C11F33 /* MockSession.swift */,
				CEB658B926ECC42800C11F33 /* TestResponse.swift */,
			);
			path = "Test Doubles";
			sourceTree = "<group>";
		};
		CEB658B626EC9E8E00C11F33 /* NetworkTests */ = {
			isa = PBXGroup;
			children = (
				CEB6589F26EC9A3B00C11F33 /* Test Doubles */,
				CEB658B226EC9E8A00C11F33 /* HTTPClientTests.swift */,
				CEB658B326EC9E8B00C11F33 /* NetworkTests.swift */,
			);
			path = NetworkTests;
			sourceTree = "<group>";
		};
		CED16DEC26F3A4C30076565F /* MyCardList */ = {
			isa = PBXGroup;
			children = (
				CE6312BB26F9A04800B2E69B /* MyCardListDependencyContainer.swift */,
				CE6BAB992704D6E30006D26B /* MyCardListViewController.storyboard */,
				CED16DF826F3A55D0076565F /* MyCardListViewController.swift */,
				CE6312BF26F9AB4A00B2E69B /* MyCardListViewModel.swift */,
			);
			path = MyCardList;
			sourceTree = "<group>";
		};
		CED16DED26F3A4F70076565F /* CardBook */ = {
			isa = PBXGroup;
			children = (
				CE6BAB952704D3C30006D26B /* CardBookViewController.storyboard */,
				CED16DFA26F3A5690076565F /* CardBookViewController.swift */,
			);
			path = CardBook;
			sourceTree = "<group>";
		};
		CED16DEE26F3A5000076565F /* Quest */ = {
			isa = PBXGroup;
			children = (
				CE6BAB9B2704D7160006D26B /* QuestViewController.storyboard */,
				CED16DF426F3A5480076565F /* QuestViewController.swift */,
			);
			path = Quest;
			sourceTree = "<group>";
		};
		CED16DEF26F3A5050076565F /* Setting */ = {
			isa = PBXGroup;
			children = (
				CE6BABA12704D9520006D26B /* SettingViewController.storyboard */,
				CED16DF626F3A5540076565F /* SettingViewController.swift */,
			);
			path = Setting;
			sourceTree = "<group>";
		};
		CEF8C55526EDF8F7009BA9C2 /* Extensions */ = {
			isa = PBXGroup;
			children = (
				CEB6589A26EC987800C11F33 /* Rx */,
				CE6312D026F9BD6B00B2E69B /* Array+.swift */,
				CE63125426F5E25200B2E69B /* String+.swift */,
				CE6BABAE2704EE9C0006D26B /* UICollectionView+.swift */,
				CE6BABAC2704ED700006D26B /* UITableView+.swift */,
				CEF8C55626EDFB6F009BA9C2 /* UIStackView+.swift */,
				CEF8C55226EDF8D5009BA9C2 /* UIView+.swift */,
				CE6BABAA2704E2480006D26B /* UIVIewController+.swift */,
				CEB6582F26EB15A600C11F33 /* ViewController.swift */,
			);
			path = Extensions;
			sourceTree = "<group>";
		};
		CEFA037826EFB75D00D12AAB /* Snapshot */ = {
			isa = PBXGroup;
			children = (
				CEFA037926EFB76D00D12AAB /* SnapshotService.swift */,
			);
			path = Snapshot;
			sourceTree = "<group>";
		};
		CEFA037B26EFBAC100D12AAB /* QR */ = {
			isa = PBXGroup;
			children = (
				CEFA037C26EFBACE00D12AAB /* QRGenerater.swift */,
			);
			path = QR;
			sourceTree = "<group>";
		};
/* End PBXGroup section */

/* Begin PBXNativeTarget section */
		CEB6582726EB15A600C11F33 /* YourName */ = {
			isa = PBXNativeTarget;
			buildConfigurationList = CEB6585226EB15AD00C11F33 /* Build configuration list for PBXNativeTarget "YourName" */;
			buildPhases = (
				E430AFAFF61CE87327B86215 /* [CP] Check Pods Manifest.lock */,
				CEB6582426EB15A600C11F33 /* Sources */,
				CEB6582526EB15A600C11F33 /* Frameworks */,
				CEB6582626EB15A600C11F33 /* Resources */,
				CFCC929CC4EF20C902244A18 /* [CP] Embed Pods Frameworks */,
			);
			buildRules = (
			);
			dependencies = (
			);
			name = YourName;
			productName = YourName;
			productReference = CEB6582826EB15A600C11F33 /* YourName.app */;
			productType = "com.apple.product-type.application";
		};
		CEB6583D26EB15AD00C11F33 /* YourNameTests */ = {
			isa = PBXNativeTarget;
			buildConfigurationList = CEB6585526EB15AD00C11F33 /* Build configuration list for PBXNativeTarget "YourNameTests" */;
			buildPhases = (
				4CF1DC2B67A3F8E3C6E58ADD /* [CP] Check Pods Manifest.lock */,
				CEB6583A26EB15AD00C11F33 /* Sources */,
				CEB6583B26EB15AD00C11F33 /* Frameworks */,
				CEB6583C26EB15AD00C11F33 /* Resources */,
				F800C300BDA6D423A21ECAAA /* [CP] Embed Pods Frameworks */,
			);
			buildRules = (
			);
			dependencies = (
				CEB6584026EB15AD00C11F33 /* PBXTargetDependency */,
			);
			name = YourNameTests;
			productName = YourNameTests;
			productReference = CEB6583E26EB15AD00C11F33 /* YourNameTests.xctest */;
			productType = "com.apple.product-type.bundle.unit-test";
		};
/* End PBXNativeTarget section */

/* Begin PBXProject section */
		CEB6582026EB15A600C11F33 /* Project object */ = {
			isa = PBXProject;
			attributes = {
				LastSwiftUpdateCheck = 1250;
				LastUpgradeCheck = 1250;
				TargetAttributes = {
					CEB6582726EB15A600C11F33 = {
						CreatedOnToolsVersion = 12.5.1;
					};
					CEB6583D26EB15AD00C11F33 = {
						CreatedOnToolsVersion = 12.5.1;
						TestTargetID = CEB6582726EB15A600C11F33;
					};
				};
			};
			buildConfigurationList = CEB6582326EB15A600C11F33 /* Build configuration list for PBXProject "YourName" */;
			compatibilityVersion = "Xcode 9.3";
			developmentRegion = en;
			hasScannedForEncodings = 0;
			knownRegions = (
				en,
				Base,
			);
			mainGroup = CEB6581F26EB15A600C11F33;
			productRefGroup = CEB6582926EB15A600C11F33 /* Products */;
			projectDirPath = "";
			projectRoot = "";
			targets = (
				CEB6582726EB15A600C11F33 /* YourName */,
				CEB6583D26EB15AD00C11F33 /* YourNameTests */,
			);
		};
/* End PBXProject section */

/* Begin PBXResourcesBuildPhase section */
		CEB6582626EB15A600C11F33 /* Resources */ = {
			isa = PBXResourcesBuildPhase;
			buildActionMask = 2147483647;
			files = (
				CE6BABA22704D9520006D26B /* SettingViewController.storyboard in Resources */,
				CE6BABA52704DAFB0006D26B /* CardCreationViewController.storyboard in Resources */,
				CE2BB2C727074F4600936148 /* Colors.xcassets in Resources */,
				CE6BABA02704D7BF0006D26B /* SplashViewController.storyboard in Resources */,
				CE6BAB9C2704D7170006D26B /* QuestViewController.storyboard in Resources */,
				CEB6583826EB15AC00C11F33 /* LaunchScreen.storyboard in Resources */,
				CEB6583526EB15AC00C11F33 /* Images.xcassets in Resources */,
				CE6BAB982704D69F0006D26B /* CardDetailViewController.storyboard in Resources */,
				CE6BAB9E2704D7610006D26B /* SignInViewController.storyboard in Resources */,
				CE6BAB962704D3C40006D26B /* CardBookViewController.storyboard in Resources */,
				CE6BAB9A2704D6E30006D26B /* MyCardListViewController.storyboard in Resources */,
			);
			runOnlyForDeploymentPostprocessing = 0;
		};
		CEB6583C26EB15AD00C11F33 /* Resources */ = {
			isa = PBXResourcesBuildPhase;
			buildActionMask = 2147483647;
			files = (
			);
			runOnlyForDeploymentPostprocessing = 0;
		};
/* End PBXResourcesBuildPhase section */

/* Begin PBXShellScriptBuildPhase section */
		4CF1DC2B67A3F8E3C6E58ADD /* [CP] Check Pods Manifest.lock */ = {
			isa = PBXShellScriptBuildPhase;
			buildActionMask = 2147483647;
			files = (
			);
			inputFileListPaths = (
			);
			inputPaths = (
				"${PODS_PODFILE_DIR_PATH}/Podfile.lock",
				"${PODS_ROOT}/Manifest.lock",
			);
			name = "[CP] Check Pods Manifest.lock";
			outputFileListPaths = (
			);
			outputPaths = (
				"$(DERIVED_FILE_DIR)/Pods-YourName-YourNameTests-checkManifestLockResult.txt",
			);
			runOnlyForDeploymentPostprocessing = 0;
			shellPath = /bin/sh;
			shellScript = "diff \"${PODS_PODFILE_DIR_PATH}/Podfile.lock\" \"${PODS_ROOT}/Manifest.lock\" > /dev/null\nif [ $? != 0 ] ; then\n    # print error to STDERR\n    echo \"error: The sandbox is not in sync with the Podfile.lock. Run 'pod install' or update your CocoaPods installation.\" >&2\n    exit 1\nfi\n# This output is used by Xcode 'outputs' to avoid re-running this script phase.\necho \"SUCCESS\" > \"${SCRIPT_OUTPUT_FILE_0}\"\n";
			showEnvVarsInLog = 0;
		};
		CFCC929CC4EF20C902244A18 /* [CP] Embed Pods Frameworks */ = {
			isa = PBXShellScriptBuildPhase;
			buildActionMask = 2147483647;
			files = (
			);
			inputFileListPaths = (
				"${PODS_ROOT}/Target Support Files/Pods-YourName/Pods-YourName-frameworks-${CONFIGURATION}-input-files.xcfilelist",
			);
			name = "[CP] Embed Pods Frameworks";
			outputFileListPaths = (
				"${PODS_ROOT}/Target Support Files/Pods-YourName/Pods-YourName-frameworks-${CONFIGURATION}-output-files.xcfilelist",
			);
			runOnlyForDeploymentPostprocessing = 0;
			shellPath = /bin/sh;
			shellScript = "\"${PODS_ROOT}/Target Support Files/Pods-YourName/Pods-YourName-frameworks.sh\"\n";
			showEnvVarsInLog = 0;
		};
		E430AFAFF61CE87327B86215 /* [CP] Check Pods Manifest.lock */ = {
			isa = PBXShellScriptBuildPhase;
			buildActionMask = 2147483647;
			files = (
			);
			inputFileListPaths = (
			);
			inputPaths = (
				"${PODS_PODFILE_DIR_PATH}/Podfile.lock",
				"${PODS_ROOT}/Manifest.lock",
			);
			name = "[CP] Check Pods Manifest.lock";
			outputFileListPaths = (
			);
			outputPaths = (
				"$(DERIVED_FILE_DIR)/Pods-YourName-checkManifestLockResult.txt",
			);
			runOnlyForDeploymentPostprocessing = 0;
			shellPath = /bin/sh;
			shellScript = "diff \"${PODS_PODFILE_DIR_PATH}/Podfile.lock\" \"${PODS_ROOT}/Manifest.lock\" > /dev/null\nif [ $? != 0 ] ; then\n    # print error to STDERR\n    echo \"error: The sandbox is not in sync with the Podfile.lock. Run 'pod install' or update your CocoaPods installation.\" >&2\n    exit 1\nfi\n# This output is used by Xcode 'outputs' to avoid re-running this script phase.\necho \"SUCCESS\" > \"${SCRIPT_OUTPUT_FILE_0}\"\n";
			showEnvVarsInLog = 0;
		};
		F800C300BDA6D423A21ECAAA /* [CP] Embed Pods Frameworks */ = {
			isa = PBXShellScriptBuildPhase;
			buildActionMask = 2147483647;
			files = (
			);
			inputFileListPaths = (
				"${PODS_ROOT}/Target Support Files/Pods-YourName-YourNameTests/Pods-YourName-YourNameTests-frameworks-${CONFIGURATION}-input-files.xcfilelist",
			);
			name = "[CP] Embed Pods Frameworks";
			outputFileListPaths = (
				"${PODS_ROOT}/Target Support Files/Pods-YourName-YourNameTests/Pods-YourName-YourNameTests-frameworks-${CONFIGURATION}-output-files.xcfilelist",
			);
			runOnlyForDeploymentPostprocessing = 0;
			shellPath = /bin/sh;
			shellScript = "\"${PODS_ROOT}/Target Support Files/Pods-YourName-YourNameTests/Pods-YourName-YourNameTests-frameworks.sh\"\n";
			showEnvVarsInLog = 0;
		};
/* End PBXShellScriptBuildPhase section */

/* Begin PBXSourcesBuildPhase section */
		CEB6582426EB15A600C11F33 /* Sources */ = {
			isa = PBXSourcesBuildPhase;
			buildActionMask = 2147483647;
			files = (
				CE6312C026F9AB4A00B2E69B /* MyCardListViewModel.swift in Sources */,
				CEF8C55726EDFB6F009BA9C2 /* UIStackView+.swift in Sources */,
				CE63125526F5E25200B2E69B /* String+.swift in Sources */,
				CE6BABAD2704ED700006D26B /* UITableView+.swift in Sources */,
				CE63124026F59E6700B2E69B /* RootViewModel.swift in Sources */,
				CEB6589526EC838000C11F33 /* HTTPClient.swift in Sources */,
				CEB658BC26ECC90600C11F33 /* NoContent.swift in Sources */,
				CE6BABA72704DB0A0006D26B /* CardCreationViewController.swift in Sources */,
				CEB6588226EC811E00C11F33 /* DataLoading.swift in Sources */,
				CE63124C26F5DDC000B2E69B /* SignInViewController.swift in Sources */,
				CE63125026F5DE6800B2E69B /* SignInViewModel.swift in Sources */,
				CEB6586F26EB2C9400C11F33 /* Auth.swift in Sources */,
				CE6312B926F99F7A00B2E69B /* CardDetailViewModel.swift in Sources */,
				CEB6588E26EC821300C11F33 /* Network.swift in Sources */,
				CED16DF726F3A5540076565F /* SettingViewController.swift in Sources */,
				CE6312CF26F9B82600B2E69B /* Card.swift in Sources */,
				CEB6583026EB15A600C11F33 /* ViewController.swift in Sources */,
				CE63125726F5E2A100B2E69B /* FakeAccessTokenRepository.swift in Sources */,
				CE6312A926F8CB2F00B2E69B /* SignedOutDependencyContainer.swift in Sources */,
				CEB6589126EC826300C11F33 /* Enviorment.swift in Sources */,
				CE63123A26F59C7800B2E69B /* RootViewController.swift in Sources */,
				CE6312AA26F8CB2F00B2E69B /* RootDependencyContainer.swift in Sources */,
				CE6312A826F8CB2F00B2E69B /* SignedInDependencyContainer.swift in Sources */,
				CE63125226F5E19700B2E69B /* AccessTokenRepository.swift in Sources */,
				CEB6589326EC834900C11F33 /* Foundation+Decoder.swift in Sources */,
				CEB6587926EC806F00C11F33 /* Connectable.swift in Sources */,
				CEFA037D26EFBACE00D12AAB /* QRGenerater.swift in Sources */,
				A2A5C83A26FB1A3D005D2849 /* AppKey.swift in Sources */,
				CE6312C826F9B3B000B2E69B /* MyCardRepository.swift in Sources */,
				CEB6589726EC844D00C11F33 /* main.swift in Sources */,
				CE63126026F6281800B2E69B /* SplashViewModel.swift in Sources */,
				CE2EC99327073453006B9852 /* CardCreationViewModel.swift in Sources */,
				CEB6587226EB2CAB00C11F33 /* Networking.swift in Sources */,
				CEB6587B26EC809800C11F33 /* URLRequestConvertible.swift in Sources */,
				A2D875DF26EE295C00ED5949 /* AuthResponse.swift in Sources */,
				CE6BABAF2704EE9C0006D26B /* UICollectionView+.swift in Sources */,
				CEF8C55326EDF8D5009BA9C2 /* UIView+.swift in Sources */,
				CED16DE926F39F700076565F /* HomeTab.swift in Sources */,
				CE2BB2C92707560800936148 /* Palette.swift in Sources */,
				CE63124926F5A30200B2E69B /* Navigation.swift in Sources */,
				CEB6587726EB2CFE00C11F33 /* HomeViewModel.swift in Sources */,
				CEFA037A26EFB76D00D12AAB /* SnapshotService.swift in Sources */,
				CE6312CC26F9B4FC00B2E69B /* MockMyCardRepository.swift in Sources */,
				CEB6587D26EC80BF00C11F33 /* DataTask.swift in Sources */,
				CE6BABA92704DB2A0006D26B /* CardCreationDependencyContainer.swift in Sources */,
				CE6312BC26F9A04800B2E69B /* MyCardListDependencyContainer.swift in Sources */,
				CEB6589C26EC988F00C11F33 /* ObserverType+.swift in Sources */,
				CED16DFB26F3A5690076565F /* CardBookViewController.swift in Sources */,
				CE6312D126F9BD6B00B2E69B /* Array+.swift in Sources */,
				CEB6588426EC814C00C11F33 /* API.swift in Sources */,
				CEB6588726EC817A00C11F33 /* HTTP.swift in Sources */,
				A2A5C83826FB17D0005D2849 /* KakaoAuth.swift in Sources */,
				CE6BABAB2704E2480006D26B /* UIVIewController+.swift in Sources */,
				CE6312B726F99F7000B2E69B /* CardDetailViewController.swift in Sources */,
				CEB6586826EB2C3700C11F33 /* SchemeNavigator.swift in Sources */,
				CEB6588B26EC81B200C11F33 /* Decoder.swift in Sources */,
				CEB6586C26EB2C7600C11F33 /* HomeTabBarController.swift in Sources */,
				CEB6582C26EB15A600C11F33 /* AppDelegate.swift in Sources */,
				CE4D4E6D2707883600081A2B /* ContactInputView.swift in Sources */,
				CE63129E26F8618000B2E69B /* AuthenticationDelegate.swift in Sources */,
				CE63125E26F6270B00B2E69B /* SplashViewController.swift in Sources */,
				CED16DF926F3A55D0076565F /* MyCardListViewController.swift in Sources */,
				CED16DF526F3A5480076565F /* QuestViewController.swift in Sources */,
				CEB6588926EC818900C11F33 /* HTTPError.swift in Sources */,
				CE6BAB942704D0990006D26B /* Storyboarded.swift in Sources */,
				CE6312BE26F9A4C700B2E69B /* CardDetailDependencyContainer.swift in Sources */,
				CEB6588026EC80F500C11F33 /* Foundation+Network.swift in Sources */,
			);
			runOnlyForDeploymentPostprocessing = 0;
		};
		CEB6583A26EB15AD00C11F33 /* Sources */ = {
			isa = PBXSourcesBuildPhase;
			buildActionMask = 2147483647;
			files = (
				CEB658AC26EC9A3B00C11F33 /* MockNetwork.swift in Sources */,
				CEB658B126EC9A3B00C11F33 /* MockDataTask.swift in Sources */,
				CE2EC99627073493006B9852 /* CardCreationViewModelTests.swift in Sources */,
				CE6312B226F8F27600B2E69B /* SplashViewModelTests.swift in Sources */,
				CE6312C526F9B05700B2E69B /* MyCardListViewModelTests.swift in Sources */,
				CE6312AF26F8CC0A00B2E69B /* RootViewModelTests.swift in Sources */,
				CEB658B526EC9E8B00C11F33 /* NetworkTests.swift in Sources */,
				CEB658B026EC9A3B00C11F33 /* MockSession.swift in Sources */,
				CEB658B826ECACAD00C11F33 /* FakeData.swift in Sources */,
				CEB658BA26ECC42800C11F33 /* TestResponse.swift in Sources */,
				CE6312B426F98DF000B2E69B /* MockAuthenticationDelegate.swift in Sources */,
				CEB658AF26EC9A3B00C11F33 /* MockDecodingService.swift in Sources */,
				CEB658B426EC9E8B00C11F33 /* HTTPClientTests.swift in Sources */,
				CEB658AD26EC9A3B00C11F33 /* MockDataLoader.swift in Sources */,
				CEB658AB26EC9A3B00C11F33 /* MockError.swift in Sources */,
				CEB658AE26EC9A3B00C11F33 /* MockAPI.swift in Sources */,
			);
			runOnlyForDeploymentPostprocessing = 0;
		};
/* End PBXSourcesBuildPhase section */

/* Begin PBXTargetDependency section */
		CEB6584026EB15AD00C11F33 /* PBXTargetDependency */ = {
			isa = PBXTargetDependency;
			target = CEB6582726EB15A600C11F33 /* YourName */;
			targetProxy = CEB6583F26EB15AD00C11F33 /* PBXContainerItemProxy */;
		};
/* End PBXTargetDependency section */

/* Begin PBXVariantGroup section */
		CEB6583626EB15AC00C11F33 /* LaunchScreen.storyboard */ = {
			isa = PBXVariantGroup;
			children = (
				CEB6583726EB15AC00C11F33 /* Base */,
			);
			name = LaunchScreen.storyboard;
			sourceTree = "<group>";
		};
/* End PBXVariantGroup section */

/* Begin XCBuildConfiguration section */
		CEB6585026EB15AD00C11F33 /* Debug */ = {
			isa = XCBuildConfiguration;
			buildSettings = {
				ALWAYS_SEARCH_USER_PATHS = NO;
				CLANG_ANALYZER_NONNULL = YES;
				CLANG_ANALYZER_NUMBER_OBJECT_CONVERSION = YES_AGGRESSIVE;
				CLANG_CXX_LANGUAGE_STANDARD = "gnu++14";
				CLANG_CXX_LIBRARY = "libc++";
				CLANG_ENABLE_MODULES = YES;
				CLANG_ENABLE_OBJC_ARC = YES;
				CLANG_ENABLE_OBJC_WEAK = YES;
				CLANG_WARN_BLOCK_CAPTURE_AUTORELEASING = YES;
				CLANG_WARN_BOOL_CONVERSION = YES;
				CLANG_WARN_COMMA = YES;
				CLANG_WARN_CONSTANT_CONVERSION = YES;
				CLANG_WARN_DEPRECATED_OBJC_IMPLEMENTATIONS = YES;
				CLANG_WARN_DIRECT_OBJC_ISA_USAGE = YES_ERROR;
				CLANG_WARN_DOCUMENTATION_COMMENTS = YES;
				CLANG_WARN_EMPTY_BODY = YES;
				CLANG_WARN_ENUM_CONVERSION = YES;
				CLANG_WARN_INFINITE_RECURSION = YES;
				CLANG_WARN_INT_CONVERSION = YES;
				CLANG_WARN_NON_LITERAL_NULL_CONVERSION = YES;
				CLANG_WARN_OBJC_IMPLICIT_RETAIN_SELF = YES;
				CLANG_WARN_OBJC_LITERAL_CONVERSION = YES;
				CLANG_WARN_OBJC_ROOT_CLASS = YES_ERROR;
				CLANG_WARN_QUOTED_INCLUDE_IN_FRAMEWORK_HEADER = YES;
				CLANG_WARN_RANGE_LOOP_ANALYSIS = YES;
				CLANG_WARN_STRICT_PROTOTYPES = YES;
				CLANG_WARN_SUSPICIOUS_MOVE = YES;
				CLANG_WARN_UNGUARDED_AVAILABILITY = YES_AGGRESSIVE;
				CLANG_WARN_UNREACHABLE_CODE = YES;
				CLANG_WARN__DUPLICATE_METHOD_MATCH = YES;
				COPY_PHASE_STRIP = NO;
				DEBUG_INFORMATION_FORMAT = dwarf;
				ENABLE_STRICT_OBJC_MSGSEND = YES;
				ENABLE_TESTABILITY = YES;
				GCC_C_LANGUAGE_STANDARD = gnu11;
				GCC_DYNAMIC_NO_PIC = NO;
				GCC_NO_COMMON_BLOCKS = YES;
				GCC_OPTIMIZATION_LEVEL = 0;
				GCC_PREPROCESSOR_DEFINITIONS = (
					"DEBUG=1",
					"$(inherited)",
				);
				GCC_WARN_64_TO_32_BIT_CONVERSION = YES;
				GCC_WARN_ABOUT_RETURN_TYPE = YES_ERROR;
				GCC_WARN_UNDECLARED_SELECTOR = YES;
				GCC_WARN_UNINITIALIZED_AUTOS = YES_AGGRESSIVE;
				GCC_WARN_UNUSED_FUNCTION = YES;
				GCC_WARN_UNUSED_VARIABLE = YES;
				IPHONEOS_DEPLOYMENT_TARGET = 14.5;
				MTL_ENABLE_DEBUG_INFO = INCLUDE_SOURCE;
				MTL_FAST_MATH = YES;
				ONLY_ACTIVE_ARCH = YES;
				SDKROOT = iphoneos;
				SWIFT_ACTIVE_COMPILATION_CONDITIONS = DEBUG;
				SWIFT_OPTIMIZATION_LEVEL = "-Onone";
			};
			name = Debug;
		};
		CEB6585126EB15AD00C11F33 /* Release */ = {
			isa = XCBuildConfiguration;
			buildSettings = {
				ALWAYS_SEARCH_USER_PATHS = NO;
				CLANG_ANALYZER_NONNULL = YES;
				CLANG_ANALYZER_NUMBER_OBJECT_CONVERSION = YES_AGGRESSIVE;
				CLANG_CXX_LANGUAGE_STANDARD = "gnu++14";
				CLANG_CXX_LIBRARY = "libc++";
				CLANG_ENABLE_MODULES = YES;
				CLANG_ENABLE_OBJC_ARC = YES;
				CLANG_ENABLE_OBJC_WEAK = YES;
				CLANG_WARN_BLOCK_CAPTURE_AUTORELEASING = YES;
				CLANG_WARN_BOOL_CONVERSION = YES;
				CLANG_WARN_COMMA = YES;
				CLANG_WARN_CONSTANT_CONVERSION = YES;
				CLANG_WARN_DEPRECATED_OBJC_IMPLEMENTATIONS = YES;
				CLANG_WARN_DIRECT_OBJC_ISA_USAGE = YES_ERROR;
				CLANG_WARN_DOCUMENTATION_COMMENTS = YES;
				CLANG_WARN_EMPTY_BODY = YES;
				CLANG_WARN_ENUM_CONVERSION = YES;
				CLANG_WARN_INFINITE_RECURSION = YES;
				CLANG_WARN_INT_CONVERSION = YES;
				CLANG_WARN_NON_LITERAL_NULL_CONVERSION = YES;
				CLANG_WARN_OBJC_IMPLICIT_RETAIN_SELF = YES;
				CLANG_WARN_OBJC_LITERAL_CONVERSION = YES;
				CLANG_WARN_OBJC_ROOT_CLASS = YES_ERROR;
				CLANG_WARN_QUOTED_INCLUDE_IN_FRAMEWORK_HEADER = YES;
				CLANG_WARN_RANGE_LOOP_ANALYSIS = YES;
				CLANG_WARN_STRICT_PROTOTYPES = YES;
				CLANG_WARN_SUSPICIOUS_MOVE = YES;
				CLANG_WARN_UNGUARDED_AVAILABILITY = YES_AGGRESSIVE;
				CLANG_WARN_UNREACHABLE_CODE = YES;
				CLANG_WARN__DUPLICATE_METHOD_MATCH = YES;
				COPY_PHASE_STRIP = NO;
				DEBUG_INFORMATION_FORMAT = "dwarf-with-dsym";
				ENABLE_NS_ASSERTIONS = NO;
				ENABLE_STRICT_OBJC_MSGSEND = YES;
				GCC_C_LANGUAGE_STANDARD = gnu11;
				GCC_NO_COMMON_BLOCKS = YES;
				GCC_WARN_64_TO_32_BIT_CONVERSION = YES;
				GCC_WARN_ABOUT_RETURN_TYPE = YES_ERROR;
				GCC_WARN_UNDECLARED_SELECTOR = YES;
				GCC_WARN_UNINITIALIZED_AUTOS = YES_AGGRESSIVE;
				GCC_WARN_UNUSED_FUNCTION = YES;
				GCC_WARN_UNUSED_VARIABLE = YES;
				IPHONEOS_DEPLOYMENT_TARGET = 14.5;
				MTL_ENABLE_DEBUG_INFO = NO;
				MTL_FAST_MATH = YES;
				SDKROOT = iphoneos;
				SWIFT_COMPILATION_MODE = wholemodule;
				SWIFT_OPTIMIZATION_LEVEL = "-O";
				VALIDATE_PRODUCT = YES;
			};
			name = Release;
		};
		CEB6585326EB15AD00C11F33 /* Debug */ = {
			isa = XCBuildConfiguration;
			baseConfigurationReference = 3CCE5B3128930676FB5D1886 /* Pods-YourName.debug.xcconfig */;
			buildSettings = {
				ASSETCATALOG_COMPILER_APPICON_NAME = AppIcon;
				ASSETCATALOG_COMPILER_GLOBAL_ACCENT_COLOR_NAME = AccentColor;
				CODE_SIGN_STYLE = Automatic;
				DEVELOPMENT_TEAM = 8BQHKQSA4Y;
				INFOPLIST_FILE = "YourName/Support Files/Info.plist";
				LD_RUNPATH_SEARCH_PATHS = (
					"$(inherited)",
					"@executable_path/Frameworks",
				);
				PRODUCT_BUNDLE_IDENTIFIER = com.yourname.YourName;
				PRODUCT_NAME = "$(TARGET_NAME)";
				SWIFT_VERSION = 5.0;
				TARGETED_DEVICE_FAMILY = "1,2";
			};
			name = Debug;
		};
		CEB6585426EB15AD00C11F33 /* Release */ = {
			isa = XCBuildConfiguration;
			baseConfigurationReference = 174D5DB299DAAE9B4BE38DEF /* Pods-YourName.release.xcconfig */;
			buildSettings = {
				ASSETCATALOG_COMPILER_APPICON_NAME = AppIcon;
				ASSETCATALOG_COMPILER_GLOBAL_ACCENT_COLOR_NAME = AccentColor;
				CODE_SIGN_STYLE = Automatic;
				DEVELOPMENT_TEAM = 8BQHKQSA4Y;
				INFOPLIST_FILE = "YourName/Support Files/Info.plist";
				LD_RUNPATH_SEARCH_PATHS = (
					"$(inherited)",
					"@executable_path/Frameworks",
				);
				PRODUCT_BUNDLE_IDENTIFIER = com.yourname.YourName;
				PRODUCT_NAME = "$(TARGET_NAME)";
				SWIFT_VERSION = 5.0;
				TARGETED_DEVICE_FAMILY = "1,2";
			};
			name = Release;
		};
		CEB6585626EB15AD00C11F33 /* Debug */ = {
			isa = XCBuildConfiguration;
			baseConfigurationReference = A3E561B79C6998E82DB447DF /* Pods-YourName-YourNameTests.debug.xcconfig */;
			buildSettings = {
				ALWAYS_EMBED_SWIFT_STANDARD_LIBRARIES = YES;
				BUNDLE_LOADER = "$(TEST_HOST)";
				CODE_SIGN_STYLE = Automatic;
				DEVELOPMENT_TEAM = 8BQHKQSA4Y;
				INFOPLIST_FILE = YourNameTests/Info.plist;
				IPHONEOS_DEPLOYMENT_TARGET = 14.5;
				LD_RUNPATH_SEARCH_PATHS = (
					"$(inherited)",
					"@executable_path/Frameworks",
					"@loader_path/Frameworks",
				);
				PRODUCT_BUNDLE_IDENTIFIER = com.yourname.YourNameTests;
				PRODUCT_NAME = "$(TARGET_NAME)";
				SWIFT_VERSION = 5.0;
				TARGETED_DEVICE_FAMILY = "1,2";
				TEST_HOST = "$(BUILT_PRODUCTS_DIR)/YourName.app/YourName";
			};
			name = Debug;
		};
		CEB6585726EB15AD00C11F33 /* Release */ = {
			isa = XCBuildConfiguration;
			baseConfigurationReference = A011DAB29A02E4438613947A /* Pods-YourName-YourNameTests.release.xcconfig */;
			buildSettings = {
				ALWAYS_EMBED_SWIFT_STANDARD_LIBRARIES = YES;
				BUNDLE_LOADER = "$(TEST_HOST)";
				CODE_SIGN_STYLE = Automatic;
				DEVELOPMENT_TEAM = 8BQHKQSA4Y;
				INFOPLIST_FILE = YourNameTests/Info.plist;
				IPHONEOS_DEPLOYMENT_TARGET = 14.5;
				LD_RUNPATH_SEARCH_PATHS = (
					"$(inherited)",
					"@executable_path/Frameworks",
					"@loader_path/Frameworks",
				);
				PRODUCT_BUNDLE_IDENTIFIER = com.yourname.YourNameTests;
				PRODUCT_NAME = "$(TARGET_NAME)";
				SWIFT_VERSION = 5.0;
				TARGETED_DEVICE_FAMILY = "1,2";
				TEST_HOST = "$(BUILT_PRODUCTS_DIR)/YourName.app/YourName";
			};
			name = Release;
		};
/* End XCBuildConfiguration section */

/* Begin XCConfigurationList section */
		CEB6582326EB15A600C11F33 /* Build configuration list for PBXProject "YourName" */ = {
			isa = XCConfigurationList;
			buildConfigurations = (
				CEB6585026EB15AD00C11F33 /* Debug */,
				CEB6585126EB15AD00C11F33 /* Release */,
			);
			defaultConfigurationIsVisible = 0;
			defaultConfigurationName = Release;
		};
		CEB6585226EB15AD00C11F33 /* Build configuration list for PBXNativeTarget "YourName" */ = {
			isa = XCConfigurationList;
			buildConfigurations = (
				CEB6585326EB15AD00C11F33 /* Debug */,
				CEB6585426EB15AD00C11F33 /* Release */,
			);
			defaultConfigurationIsVisible = 0;
			defaultConfigurationName = Release;
		};
		CEB6585526EB15AD00C11F33 /* Build configuration list for PBXNativeTarget "YourNameTests" */ = {
			isa = XCConfigurationList;
			buildConfigurations = (
				CEB6585626EB15AD00C11F33 /* Debug */,
				CEB6585726EB15AD00C11F33 /* Release */,
			);
			defaultConfigurationIsVisible = 0;
			defaultConfigurationName = Release;
		};
/* End XCConfigurationList section */
	};
	rootObject = CEB6582026EB15A600C11F33 /* Project object */;
}
